Microsoft Visual Studio Solution File, Format Version 12.00
# Visual Studio Version 17
VisualStudioVersion = 17.14.36109.1
MinimumVisualStudioVersion = 10.0.40219.1
Project("{2150E333-8FDC-42A3-9474-1A3956D46DE8}") = "src", "src", "{02EA681E-C7D8-13C7-8484-4AC65E1B71E8}"
EndProject
Project("{2150E333-8FDC-42A3-9474-1A3956D46DE8}") = "tests", "tests", "{C43DCDF7-5D9D-4A12-928B-109444867046}"
EndProject
Project("{FAE04EC0-301F-11D3-BF4B-00C04F79EFBC}") = "MeAjudaAi.Tests", "tests\MeAjudaAi.Tests\MeAjudaAi.Tests.csproj", "{A723C0D5-0065-B6B2-3C0F-D921493AB14E}"
EndProject
Project("{2150E333-8FDC-42A3-9474-1A3956D46DE8}") = "Aspire", "Aspire", "{D5751A7E-1F4F-4D53-8623-FD882A8653B0}"
EndProject
Project("{2150E333-8FDC-42A3-9474-1A3956D46DE8}") = "Bootstrapper", "Bootstrapper", "{295C5E9A-20BC-48E8-B3B9-2BC329DCD3B7}"
EndProject
Project("{2150E333-8FDC-42A3-9474-1A3956D46DE8}") = "Modules", "Modules", "{D55DFAF4-45A1-4C45-AA54-8CE46F0AFB1F}"
EndProject
Project("{2150E333-8FDC-42A3-9474-1A3956D46DE8}") = "Shared", "Shared", "{F98F35D2-DE8C-49BC-9785-CDFBA3EA22EF}"
EndProject
Project("{FAE04EC0-301F-11D3-BF4B-00C04F79EFBC}") = "MeAjudaAi.Shared", "src\Shared\MeAjudai.Shared\MeAjudaAi.Shared.csproj", "{B5465160-1EE9-9113-4E66-4FCF2EC8F5DF}"
EndProject
Project("{FAE04EC0-301F-11D3-BF4B-00C04F79EFBC}") = "MeAjudaAi.ApiService", "src\Bootstrapper\MeAjudaAi.ApiService\MeAjudaAi.ApiService.csproj", "{9E8191C1-8216-B109-888B-6E4663C2CD53}"
EndProject
Project("{FAE04EC0-301F-11D3-BF4B-00C04F79EFBC}") = "MeAjudaAi.AppHost", "src\Aspire\MeAjudaAi.AppHost\MeAjudaAi.AppHost.csproj", "{464E05CB-AA53-B1B2-CC71-6ABB65F2C62C}"
EndProject
Project("{FAE04EC0-301F-11D3-BF4B-00C04F79EFBC}") = "MeAjudaAi.ServiceDefaults", "src\Aspire\MeAjudaAi.ServiceDefaults\MeAjudaAi.ServiceDefaults.csproj", "{E2B155C0-DC26-1F78-B7E9-B4B1524A9902}"
EndProject
Project("{2150E333-8FDC-42A3-9474-1A3956D46DE8}") = "Users", "Users", "{C0DDB0A1-0AF4-4914-AB78-34E34FEFBF22}"
EndProject
Project("{2150E333-8FDC-42A3-9474-1A3956D46DE8}") = "infrastructure", "infrastructure", "{82F49BCF-FBCA-44AD-84E5-AA53DEE4EA8E}"
	ProjectSection(SolutionItems) = preProject
		infrastructure\main.bicep = infrastructure\main.bicep
		infrastructure\servicebus.bicep = infrastructure\servicebus.bicep
	EndProjectSection
EndProject
Project("{2150E333-8FDC-42A3-9474-1A3956D46DE8}") = "Application", "Application", "{5C93FF51-3F09-4446-9F17-146D8D91C8B8}"
EndProject
Project("{2150E333-8FDC-42A3-9474-1A3956D46DE8}") = "Infrastructure", "Infrastructure", "{8F957DC8-7EB5-4A1F-BD02-794D816D0A4C}"
EndProject
Project("{2150E333-8FDC-42A3-9474-1A3956D46DE8}") = "Domain", "Domain", "{DCFD7F4F-35EC-4D56-926A-AFF47A42939E}"
EndProject
Project("{2150E333-8FDC-42A3-9474-1A3956D46DE8}") = "API", "API", "{ACAE8CA4-04A2-4573-853B-E25B2F50671A}"
EndProject
Project("{FAE04EC0-301F-11D3-BF4B-00C04F79EFBC}") = "MeAjudaAi.Modules.Users.Application", "src\Modules\Users\Application\MeajudaAi.Modules.Users.Application\MeAjudaAi.Modules.Users.Application.csproj", "{E891CA21-7F1E-4A35-AF98-9D2A5C0104D8}"
EndProject
Project("{FAE04EC0-301F-11D3-BF4B-00C04F79EFBC}") = "MeAjudaAi.Modules.Users.Infrastructure", "src\Modules\Users\Infrastructure\MeAjudaAi.Modules.Users.Infrastructure\MeAjudaAi.Modules.Users.Infrastructure.csproj", "{AEC75B4E-7D10-4FCF-BEB8-E04A4A3AE29D}"
EndProject
Project("{FAE04EC0-301F-11D3-BF4B-00C04F79EFBC}") = "MeAjudaAi.Modules.Users.Domain", "src\Modules\Users\Domain\MeAjudaAi.Modules.Users.Domain\MeAjudaAi.Modules.Users.Domain.csproj", "{72447551-CAC3-4135-AE06-7E8B8177229C}"
EndProject
Project("{FAE04EC0-301F-11D3-BF4B-00C04F79EFBC}") = "MeAjudaAi.Modules.Users.API", "src\Modules\Users\API\MeajudaAi.Modules.Users.API\MeAjudaAi.Modules.Users.API.csproj", "{75369D09-FFEF-4213-B9EE-93733AA156F6}"
EndProject
Global
	GlobalSection(SolutionConfigurationPlatforms) = preSolution
		Debug|Any CPU = Debug|Any CPU
		Release|Any CPU = Release|Any CPU
	EndGlobalSection
	GlobalSection(ProjectConfigurationPlatforms) = postSolution
		{A723C0D5-0065-B6B2-3C0F-D921493AB14E}.Debug|Any CPU.ActiveCfg = Debug|Any CPU
		{A723C0D5-0065-B6B2-3C0F-D921493AB14E}.Debug|Any CPU.Build.0 = Debug|Any CPU
		{A723C0D5-0065-B6B2-3C0F-D921493AB14E}.Release|Any CPU.ActiveCfg = Release|Any CPU
		{A723C0D5-0065-B6B2-3C0F-D921493AB14E}.Release|Any CPU.Build.0 = Release|Any CPU
		{B5465160-1EE9-9113-4E66-4FCF2EC8F5DF}.Debug|Any CPU.ActiveCfg = Debug|Any CPU
		{B5465160-1EE9-9113-4E66-4FCF2EC8F5DF}.Debug|Any CPU.Build.0 = Debug|Any CPU
		{B5465160-1EE9-9113-4E66-4FCF2EC8F5DF}.Release|Any CPU.ActiveCfg = Release|Any CPU
		{B5465160-1EE9-9113-4E66-4FCF2EC8F5DF}.Release|Any CPU.Build.0 = Release|Any CPU
		{9E8191C1-8216-B109-888B-6E4663C2CD53}.Debug|Any CPU.ActiveCfg = Debug|Any CPU
		{9E8191C1-8216-B109-888B-6E4663C2CD53}.Debug|Any CPU.Build.0 = Debug|Any CPU
		{9E8191C1-8216-B109-888B-6E4663C2CD53}.Release|Any CPU.ActiveCfg = Release|Any CPU
		{9E8191C1-8216-B109-888B-6E4663C2CD53}.Release|Any CPU.Build.0 = Release|Any CPU
		{464E05CB-AA53-B1B2-CC71-6ABB65F2C62C}.Debug|Any CPU.ActiveCfg = Debug|Any CPU
		{464E05CB-AA53-B1B2-CC71-6ABB65F2C62C}.Debug|Any CPU.Build.0 = Debug|Any CPU
		{464E05CB-AA53-B1B2-CC71-6ABB65F2C62C}.Release|Any CPU.ActiveCfg = Release|Any CPU
		{464E05CB-AA53-B1B2-CC71-6ABB65F2C62C}.Release|Any CPU.Build.0 = Release|Any CPU
		{E2B155C0-DC26-1F78-B7E9-B4B1524A9902}.Debug|Any CPU.ActiveCfg = Debug|Any CPU
		{E2B155C0-DC26-1F78-B7E9-B4B1524A9902}.Debug|Any CPU.Build.0 = Debug|Any CPU
		{E2B155C0-DC26-1F78-B7E9-B4B1524A9902}.Release|Any CPU.ActiveCfg = Release|Any CPU
		{E2B155C0-DC26-1F78-B7E9-B4B1524A9902}.Release|Any CPU.Build.0 = Release|Any CPU
		{E891CA21-7F1E-4A35-AF98-9D2A5C0104D8}.Debug|Any CPU.ActiveCfg = Debug|Any CPU
		{E891CA21-7F1E-4A35-AF98-9D2A5C0104D8}.Debug|Any CPU.Build.0 = Debug|Any CPU
		{E891CA21-7F1E-4A35-AF98-9D2A5C0104D8}.Release|Any CPU.ActiveCfg = Release|Any CPU
		{E891CA21-7F1E-4A35-AF98-9D2A5C0104D8}.Release|Any CPU.Build.0 = Release|Any CPU
		{AEC75B4E-7D10-4FCF-BEB8-E04A4A3AE29D}.Debug|Any CPU.ActiveCfg = Debug|Any CPU
		{AEC75B4E-7D10-4FCF-BEB8-E04A4A3AE29D}.Debug|Any CPU.Build.0 = Debug|Any CPU
		{AEC75B4E-7D10-4FCF-BEB8-E04A4A3AE29D}.Release|Any CPU.ActiveCfg = Release|Any CPU
		{AEC75B4E-7D10-4FCF-BEB8-E04A4A3AE29D}.Release|Any CPU.Build.0 = Release|Any CPU
		{72447551-CAC3-4135-AE06-7E8B8177229C}.Debug|Any CPU.ActiveCfg = Debug|Any CPU
		{72447551-CAC3-4135-AE06-7E8B8177229C}.Debug|Any CPU.Build.0 = Debug|Any CPU
		{72447551-CAC3-4135-AE06-7E8B8177229C}.Release|Any CPU.ActiveCfg = Release|Any CPU
		{72447551-CAC3-4135-AE06-7E8B8177229C}.Release|Any CPU.Build.0 = Release|Any CPU
		{75369D09-FFEF-4213-B9EE-93733AA156F6}.Debug|Any CPU.ActiveCfg = Debug|Any CPU
		{75369D09-FFEF-4213-B9EE-93733AA156F6}.Debug|Any CPU.Build.0 = Debug|Any CPU
		{75369D09-FFEF-4213-B9EE-93733AA156F6}.Release|Any CPU.ActiveCfg = Release|Any CPU
		{75369D09-FFEF-4213-B9EE-93733AA156F6}.Release|Any CPU.Build.0 = Release|Any CPU
	EndGlobalSection
	GlobalSection(SolutionProperties) = preSolution
		HideSolutionNode = FALSE
	EndGlobalSection
	GlobalSection(NestedProjects) = preSolution
		{A723C0D5-0065-B6B2-3C0F-D921493AB14E} = {C43DCDF7-5D9D-4A12-928B-109444867046}
		{D5751A7E-1F4F-4D53-8623-FD882A8653B0} = {02EA681E-C7D8-13C7-8484-4AC65E1B71E8}
		{295C5E9A-20BC-48E8-B3B9-2BC329DCD3B7} = {02EA681E-C7D8-13C7-8484-4AC65E1B71E8}
		{D55DFAF4-45A1-4C45-AA54-8CE46F0AFB1F} = {02EA681E-C7D8-13C7-8484-4AC65E1B71E8}
		{F98F35D2-DE8C-49BC-9785-CDFBA3EA22EF} = {02EA681E-C7D8-13C7-8484-4AC65E1B71E8}
		{B5465160-1EE9-9113-4E66-4FCF2EC8F5DF} = {F98F35D2-DE8C-49BC-9785-CDFBA3EA22EF}
		{9E8191C1-8216-B109-888B-6E4663C2CD53} = {295C5E9A-20BC-48E8-B3B9-2BC329DCD3B7}
		{464E05CB-AA53-B1B2-CC71-6ABB65F2C62C} = {D5751A7E-1F4F-4D53-8623-FD882A8653B0}
		{E2B155C0-DC26-1F78-B7E9-B4B1524A9902} = {D5751A7E-1F4F-4D53-8623-FD882A8653B0}
		{C0DDB0A1-0AF4-4914-AB78-34E34FEFBF22} = {D55DFAF4-45A1-4C45-AA54-8CE46F0AFB1F}
		{5C93FF51-3F09-4446-9F17-146D8D91C8B8} = {C0DDB0A1-0AF4-4914-AB78-34E34FEFBF22}
		{8F957DC8-7EB5-4A1F-BD02-794D816D0A4C} = {C0DDB0A1-0AF4-4914-AB78-34E34FEFBF22}
		{DCFD7F4F-35EC-4D56-926A-AFF47A42939E} = {C0DDB0A1-0AF4-4914-AB78-34E34FEFBF22}
		{ACAE8CA4-04A2-4573-853B-E25B2F50671A} = {C0DDB0A1-0AF4-4914-AB78-34E34FEFBF22}
		{E891CA21-7F1E-4A35-AF98-9D2A5C0104D8} = {5C93FF51-3F09-4446-9F17-146D8D91C8B8}
		{AEC75B4E-7D10-4FCF-BEB8-E04A4A3AE29D} = {8F957DC8-7EB5-4A1F-BD02-794D816D0A4C}
		{72447551-CAC3-4135-AE06-7E8B8177229C} = {DCFD7F4F-35EC-4D56-926A-AFF47A42939E}
		{75369D09-FFEF-4213-B9EE-93733AA156F6} = {ACAE8CA4-04A2-4573-853B-E25B2F50671A}
	EndGlobalSection
	GlobalSection(ExtensibilityGlobals) = postSolution
		SolutionGuid = {391B5342-8EC5-4DF0-BCDA-6D73F87E8751}
	EndGlobalSection
EndGlobal
