
Microsoft Visual Studio Solution File, Format Version 12.00
# Visual Studio Version 17
VisualStudioVersion = 17.14.36109.1
MinimumVisualStudioVersion = 10.0.40219.1
Project("{2150E333-8FDC-42A3-9474-1A3956D46DE8}") = "src", "src", "{02EA681E-C7D8-13C7-8484-4AC65E1B71E8}"
EndProject
Project("{2150E333-8FDC-42A3-9474-1A3956D46DE8}") = "tests", "tests", "{C43DCDF7-5D9D-4A12-928B-109444867046}"
EndProject
Project("{FAE04EC0-301F-11D3-BF4B-00C04F79EFBC}") = "MeAjudaAi.Integration.Tests", "tests\MeAjudaAi.Integration.Tests\MeAjudaAi.Integration.Tests.csproj", "{A723C0D5-0065-B6B2-3C0F-D921493AB14E}"
EndProject
Project("{2150E333-8FDC-42A3-9474-1A3956D46DE8}") = "Aspire", "Aspire", "{D5751A7E-1F4F-4D53-8623-FD882A8653B0}"
EndProject
Project("{2150E333-8FDC-42A3-9474-1A3956D46DE8}") = "Bootstrapper", "Bootstrapper", "{295C5E9A-20BC-48E8-B3B9-2BC329DCD3B7}"
EndProject
Project("{2150E333-8FDC-42A3-9474-1A3956D46DE8}") = "Modules", "Modules", "{D55DFAF4-45A1-4C45-AA54-8CE46F0AFB1F}"
EndProject
Project("{2150E333-8FDC-42A3-9474-1A3956D46DE8}") = "Shared", "Shared", "{F98F35D2-DE8C-49BC-9785-CDFBA3EA22EF}"
EndProject
Project("{FAE04EC0-301F-11D3-BF4B-00C04F79EFBC}") = "MeAjudaAi.Shared", "src\Shared\MeAjudaAi.Shared.csproj", "{B5465160-1EE9-9113-4E66-4FCF2EC8F5DF}"
EndProject
Project("{FAE04EC0-301F-11D3-BF4B-00C04F79EFBC}") = "MeAjudaAi.ApiService", "src\Bootstrapper\MeAjudaAi.ApiService\MeAjudaAi.ApiService.csproj", "{9E8191C1-8216-B109-888B-6E4663C2CD53}"
EndProject
Project("{FAE04EC0-301F-11D3-BF4B-00C04F79EFBC}") = "MeAjudaAi.AppHost", "src\Aspire\MeAjudaAi.AppHost\MeAjudaAi.AppHost.csproj", "{464E05CB-AA53-B1B2-CC71-6ABB65F2C62C}"
EndProject
Project("{FAE04EC0-301F-11D3-BF4B-00C04F79EFBC}") = "MeAjudaAi.ServiceDefaults", "src\Aspire\MeAjudaAi.ServiceDefaults\MeAjudaAi.ServiceDefaults.csproj", "{E2B155C0-DC26-1F78-B7E9-B4B1524A9902}"
EndProject
Project("{2150E333-8FDC-42A3-9474-1A3956D46DE8}") = "Users", "Users", "{C0DDB0A1-0AF4-4914-AB78-34E34FEFBF22}"
EndProject
Project("{2150E333-8FDC-42A3-9474-1A3956D46DE8}") = "infrastructure", "infrastructure", "{82F49BCF-FBCA-44AD-84E5-AA53DEE4EA8E}"
	ProjectSection(SolutionItems) = preProject
		infrastructure\main.bicep = infrastructure\main.bicep
		infrastructure\servicebus.bicep = infrastructure\servicebus.bicep
	EndProjectSection
EndProject
Project("{2150E333-8FDC-42A3-9474-1A3956D46DE8}") = "Application", "Application", "{5C93FF51-3F09-4446-9F17-146D8D91C8B8}"
EndProject
Project("{2150E333-8FDC-42A3-9474-1A3956D46DE8}") = "Infrastructure", "Infrastructure", "{8F957DC8-7EB5-4A1F-BD02-794D816D0A4C}"
EndProject
Project("{2150E333-8FDC-42A3-9474-1A3956D46DE8}") = "Domain", "Domain", "{DCFD7F4F-35EC-4D56-926A-AFF47A42939E}"
EndProject
Project("{2150E333-8FDC-42A3-9474-1A3956D46DE8}") = "API", "API", "{ACAE8CA4-04A2-4573-853B-E25B2F50671A}"
EndProject
Project("{FAE04EC0-301F-11D3-BF4B-00C04F79EFBC}") = "MeAjudaAi.Modules.Users.Application", "src\Modules\Users\Application\MeAjudaAi.Modules.Users.Application.csproj", "{E891CA21-7F1E-4A35-AF98-9D2A5C0104D8}"
EndProject
Project("{FAE04EC0-301F-11D3-BF4B-00C04F79EFBC}") = "MeAjudaAi.Modules.Users.Infrastructure", "src\Modules\Users\Infrastructure\MeAjudaAi.Modules.Users.Infrastructure.csproj", "{AEC75B4E-7D10-4FCF-BEB8-E04A4A3AE29D}"
EndProject
Project("{FAE04EC0-301F-11D3-BF4B-00C04F79EFBC}") = "MeAjudaAi.Modules.Users.Domain", "src\Modules\Users\Domain\MeAjudaAi.Modules.Users.Domain.csproj", "{72447551-CAC3-4135-AE06-7E8B8177229C}"
EndProject
Project("{FAE04EC0-301F-11D3-BF4B-00C04F79EFBC}") = "MeAjudaAi.Modules.Users.API", "src\Modules\Users\API\MeAjudaAi.Modules.Users.API.csproj", "{75369D09-FFEF-4213-B9EE-93733AA156F6}"
EndProject
Project("{FAE04EC0-301F-11D3-BF4B-00C04F79EFBC}") = "MeAjudaAi.E2E.Tests", "tests\MeAjudaAi.E2E.Tests\MeAjudaAi.E2E.Tests.csproj", "{D50E8B11-B918-4CFA-90B8-D8B60A0DDE7A}"
EndProject
Project("{FAE04EC0-301F-11D3-BF4B-00C04F79EFBC}") = "MeAjudaAi.Architecture.Tests", "tests\MeAjudaAi.Architecture.Tests\MeAjudaAi.Architecture.Tests.csproj", "{2D30D16B-DD94-4A05-9B90-AB7C56F3E545}"
EndProject
Project("{FAE04EC0-301F-11D3-BF4B-00C04F79EFBC}") = "MeAjudaAi.ApiService.Tests", "tests\MeAjudaAi.ApiService.Tests\MeAjudaAi.ApiService.Tests.csproj", "{A2B3C4D5-E6F7-4A5B-9C8D-E1F2A3B4C5D6}"
EndProject
Project("{2150E333-8FDC-42A3-9474-1A3956D46DE8}") = "Tests", "Tests", "{EA1A0251-FB5A-4966-BF96-64D6F78F95AA}"
EndProject
Project("{FAE04EC0-301F-11D3-BF4B-00C04F79EFBC}") = "MeAjudaAi.Modules.Users.Tests", "src\Modules\Users\Tests\MeAjudaAi.Modules.Users.Tests.csproj", "{838886D7-C244-AA56-83CC-4B20AEC7F7B6}"
EndProject
Project("{2150E333-8FDC-42A3-9474-1A3956D46DE8}") = "Providers", "Providers", "{28AE6D85-CB78-4997-151B-EEE5F92B2AA7}"
EndProject
Project("{2150E333-8FDC-42A3-9474-1A3956D46DE8}") = "Domain", "Domain", "{E731A8BF-B36F-2323-645D-E995216C57F6}"
EndProject
Project("{FAE04EC0-301F-11D3-BF4B-00C04F79EFBC}") = "MeAjudaAi.Modules.Providers.Domain", "src\Modules\Providers\Domain\MeAjudaAi.Modules.Providers.Domain.csproj", "{C494C45E-6B0B-4BAC-859A-F233A12F685B}"
EndProject
Project("{2150E333-8FDC-42A3-9474-1A3956D46DE8}") = "Application", "Application", "{C843E946-57F7-9E6A-7E72-98B9F2022F26}"
EndProject
Project("{FAE04EC0-301F-11D3-BF4B-00C04F79EFBC}") = "MeAjudaAi.Modules.Providers.Application", "src\Modules\Providers\Application\MeAjudaAi.Modules.Providers.Application.csproj", "{0E770EAA-5962-4FFA-BA7E-C816F9336FAF}"
EndProject
Project("{2150E333-8FDC-42A3-9474-1A3956D46DE8}") = "Infrastructure", "Infrastructure", "{CD2F1C8D-651B-BD0A-D5A3-D32626A47974}"
EndProject
Project("{FAE04EC0-301F-11D3-BF4B-00C04F79EFBC}") = "MeAjudaAi.Modules.Providers.Infrastructure", "src\Modules\Providers\Infrastructure\MeAjudaAi.Modules.Providers.Infrastructure.csproj", "{96A1C31A-CE2C-4B28-A765-793CEF4F311C}"
EndProject
Project("{2150E333-8FDC-42A3-9474-1A3956D46DE8}") = "API", "API", "{CED78ED4-735A-6ACE-AE70-A11020087754}"
EndProject
Project("{FAE04EC0-301F-11D3-BF4B-00C04F79EFBC}") = "MeAjudaAi.Modules.Providers.API", "src\Modules\Providers\API\MeAjudaAi.Modules.Providers.API.csproj", "{902E050E-BA92-4E47-AFE3-74955FFE5B48}"
EndProject
Project("{2150E333-8FDC-42A3-9474-1A3956D46DE8}") = "Tests", "Tests", "{C0E83F81-2ABD-45EE-8DB3-9FD92C147D80}"
EndProject
Project("{FAE04EC0-301F-11D3-BF4B-00C04F79EFBC}") = "MeAjudaAi.Modules.Providers.Tests", "src\Modules\Providers\Tests\MeAjudaAi.Modules.Providers.Tests.csproj", "{DA537C4E-E84D-A307-D5B0-81697E935BE9}"
EndProject
Project("{FAE04EC0-301F-11D3-BF4B-00C04F79EFBC}") = "MeAjudaAi.Shared.Tests", "tests\MeAjudaAi.Shared.Tests\MeAjudaAi.Shared.Tests.csproj", "{1C58A0BA-2B84-488A-BA7F-E16351F6B2B3}"
EndProject
Project("{2150E333-8FDC-42A3-9474-1A3956D46DE8}") = "Documents", "Documents", "{AF58434C-1364-2869-CEF6-1D865BB8823F}"
EndProject
Project("{2150E333-8FDC-42A3-9474-1A3956D46DE8}") = "Domain", "Domain", "{74826B8F-3900-251A-9045-48B643A19426}"
EndProject
Project("{FAE04EC0-301F-11D3-BF4B-00C04F79EFBC}") = "MeAjudaAi.Modules.Documents.Domain", "src\Modules\Documents\Domain\MeAjudaAi.Modules.Documents.Domain.csproj", "{2B7BA03C-DA0F-4BD3-825D-3794D608C7D3}"
EndProject
Project("{2150E333-8FDC-42A3-9474-1A3956D46DE8}") = "Application", "Application", "{1CE72D3A-35C7-8A3E-1FD4-BB368253C85D}"
EndProject
Project("{FAE04EC0-301F-11D3-BF4B-00C04F79EFBC}") = "MeAjudaAi.Modules.Documents.Application", "src\Modules\Documents\Application\MeAjudaAi.Modules.Documents.Application.csproj", "{7422EE1F-9173-4F3F-BB5D-1DC8ACFA5EF0}"
EndProject
Project("{2150E333-8FDC-42A3-9474-1A3956D46DE8}") = "Infrastructure", "Infrastructure", "{159C2A42-35C0-EED0-8201-0D2FEEEE359C}"
EndProject
Project("{FAE04EC0-301F-11D3-BF4B-00C04F79EFBC}") = "MeAjudaAi.Modules.Documents.Infrastructure", "src\Modules\Documents\Infrastructure\MeAjudaAi.Modules.Documents.Infrastructure.csproj", "{15684C16-1F84-4F59-80FA-8F5B03FA1CC3}"
EndProject
Project("{2150E333-8FDC-42A3-9474-1A3956D46DE8}") = "API", "API", "{FF3E0487-BA59-710F-AF19-48FE8AA634D5}"
EndProject
Project("{FAE04EC0-301F-11D3-BF4B-00C04F79EFBC}") = "MeAjudaAi.Modules.Documents.API", "src\Modules\Documents\API\MeAjudaAi.Modules.Documents.API.csproj", "{CF89B836-4146-4EC8-A1F1-4C8359133B0A}"
EndProject
Project("{2150E333-8FDC-42A3-9474-1A3956D46DE8}") = "Tests", "Tests", "{A5D09C43-04E6-19C8-EAD9-56493F6674A3}"
EndProject
Project("{FAE04EC0-301F-11D3-BF4B-00C04F79EFBC}") = "MeAjudaAi.Modules.Documents.Tests", "src\Modules\Documents\Tests\MeAjudaAi.Modules.Documents.Tests.csproj", "{DB977F2B-C807-4C5E-BC48-64849FB6D3F8}"
EndProject
Global
	GlobalSection(SolutionConfigurationPlatforms) = preSolution
		Debug|Any CPU = Debug|Any CPU
		Debug|x64 = Debug|x64
		Debug|x86 = Debug|x86
		Release|Any CPU = Release|Any CPU
		Release|x64 = Release|x64
		Release|x86 = Release|x86
	EndGlobalSection
	GlobalSection(ProjectConfigurationPlatforms) = postSolution
		{A723C0D5-0065-B6B2-3C0F-D921493AB14E}.Debug|Any CPU.ActiveCfg = Debug|Any CPU
		{A723C0D5-0065-B6B2-3C0F-D921493AB14E}.Debug|Any CPU.Build.0 = Debug|Any CPU
		{A723C0D5-0065-B6B2-3C0F-D921493AB14E}.Debug|x64.ActiveCfg = Debug|Any CPU
		{A723C0D5-0065-B6B2-3C0F-D921493AB14E}.Debug|x64.Build.0 = Debug|Any CPU
		{A723C0D5-0065-B6B2-3C0F-D921493AB14E}.Debug|x86.ActiveCfg = Debug|Any CPU
		{A723C0D5-0065-B6B2-3C0F-D921493AB14E}.Debug|x86.Build.0 = Debug|Any CPU
		{A723C0D5-0065-B6B2-3C0F-D921493AB14E}.Release|Any CPU.ActiveCfg = Release|Any CPU
		{A723C0D5-0065-B6B2-3C0F-D921493AB14E}.Release|Any CPU.Build.0 = Release|Any CPU
		{A723C0D5-0065-B6B2-3C0F-D921493AB14E}.Release|x64.ActiveCfg = Release|Any CPU
		{A723C0D5-0065-B6B2-3C0F-D921493AB14E}.Release|x64.Build.0 = Release|Any CPU
		{A723C0D5-0065-B6B2-3C0F-D921493AB14E}.Release|x86.ActiveCfg = Release|Any CPU
		{A723C0D5-0065-B6B2-3C0F-D921493AB14E}.Release|x86.Build.0 = Release|Any CPU
		{B5465160-1EE9-9113-4E66-4FCF2EC8F5DF}.Debug|Any CPU.ActiveCfg = Debug|Any CPU
		{B5465160-1EE9-9113-4E66-4FCF2EC8F5DF}.Debug|Any CPU.Build.0 = Debug|Any CPU
		{B5465160-1EE9-9113-4E66-4FCF2EC8F5DF}.Debug|x64.ActiveCfg = Debug|Any CPU
		{B5465160-1EE9-9113-4E66-4FCF2EC8F5DF}.Debug|x64.Build.0 = Debug|Any CPU
		{B5465160-1EE9-9113-4E66-4FCF2EC8F5DF}.Debug|x86.ActiveCfg = Debug|Any CPU
		{B5465160-1EE9-9113-4E66-4FCF2EC8F5DF}.Debug|x86.Build.0 = Debug|Any CPU
		{B5465160-1EE9-9113-4E66-4FCF2EC8F5DF}.Release|Any CPU.ActiveCfg = Release|Any CPU
		{B5465160-1EE9-9113-4E66-4FCF2EC8F5DF}.Release|Any CPU.Build.0 = Release|Any CPU
		{B5465160-1EE9-9113-4E66-4FCF2EC8F5DF}.Release|x64.ActiveCfg = Release|Any CPU
		{B5465160-1EE9-9113-4E66-4FCF2EC8F5DF}.Release|x64.Build.0 = Release|Any CPU
		{B5465160-1EE9-9113-4E66-4FCF2EC8F5DF}.Release|x86.ActiveCfg = Release|Any CPU
		{B5465160-1EE9-9113-4E66-4FCF2EC8F5DF}.Release|x86.Build.0 = Release|Any CPU
		{9E8191C1-8216-B109-888B-6E4663C2CD53}.Debug|Any CPU.ActiveCfg = Debug|Any CPU
		{9E8191C1-8216-B109-888B-6E4663C2CD53}.Debug|Any CPU.Build.0 = Debug|Any CPU
		{9E8191C1-8216-B109-888B-6E4663C2CD53}.Debug|x64.ActiveCfg = Debug|Any CPU
		{9E8191C1-8216-B109-888B-6E4663C2CD53}.Debug|x64.Build.0 = Debug|Any CPU
		{9E8191C1-8216-B109-888B-6E4663C2CD53}.Debug|x86.ActiveCfg = Debug|Any CPU
		{9E8191C1-8216-B109-888B-6E4663C2CD53}.Debug|x86.Build.0 = Debug|Any CPU
		{9E8191C1-8216-B109-888B-6E4663C2CD53}.Release|Any CPU.ActiveCfg = Release|Any CPU
		{9E8191C1-8216-B109-888B-6E4663C2CD53}.Release|Any CPU.Build.0 = Release|Any CPU
		{9E8191C1-8216-B109-888B-6E4663C2CD53}.Release|x64.ActiveCfg = Release|Any CPU
		{9E8191C1-8216-B109-888B-6E4663C2CD53}.Release|x64.Build.0 = Release|Any CPU
		{9E8191C1-8216-B109-888B-6E4663C2CD53}.Release|x86.ActiveCfg = Release|Any CPU
		{9E8191C1-8216-B109-888B-6E4663C2CD53}.Release|x86.Build.0 = Release|Any CPU
		{464E05CB-AA53-B1B2-CC71-6ABB65F2C62C}.Debug|Any CPU.ActiveCfg = Debug|Any CPU
		{464E05CB-AA53-B1B2-CC71-6ABB65F2C62C}.Debug|Any CPU.Build.0 = Debug|Any CPU
		{464E05CB-AA53-B1B2-CC71-6ABB65F2C62C}.Debug|x64.ActiveCfg = Debug|Any CPU
		{464E05CB-AA53-B1B2-CC71-6ABB65F2C62C}.Debug|x64.Build.0 = Debug|Any CPU
		{464E05CB-AA53-B1B2-CC71-6ABB65F2C62C}.Debug|x86.ActiveCfg = Debug|Any CPU
		{464E05CB-AA53-B1B2-CC71-6ABB65F2C62C}.Debug|x86.Build.0 = Debug|Any CPU
		{464E05CB-AA53-B1B2-CC71-6ABB65F2C62C}.Release|Any CPU.ActiveCfg = Release|Any CPU
		{464E05CB-AA53-B1B2-CC71-6ABB65F2C62C}.Release|Any CPU.Build.0 = Release|Any CPU
		{464E05CB-AA53-B1B2-CC71-6ABB65F2C62C}.Release|x64.ActiveCfg = Release|Any CPU
		{464E05CB-AA53-B1B2-CC71-6ABB65F2C62C}.Release|x64.Build.0 = Release|Any CPU
		{464E05CB-AA53-B1B2-CC71-6ABB65F2C62C}.Release|x86.ActiveCfg = Release|Any CPU
		{464E05CB-AA53-B1B2-CC71-6ABB65F2C62C}.Release|x86.Build.0 = Release|Any CPU
		{E2B155C0-DC26-1F78-B7E9-B4B1524A9902}.Debug|Any CPU.ActiveCfg = Debug|Any CPU
		{E2B155C0-DC26-1F78-B7E9-B4B1524A9902}.Debug|Any CPU.Build.0 = Debug|Any CPU
		{E2B155C0-DC26-1F78-B7E9-B4B1524A9902}.Debug|x64.ActiveCfg = Debug|Any CPU
		{E2B155C0-DC26-1F78-B7E9-B4B1524A9902}.Debug|x64.Build.0 = Debug|Any CPU
		{E2B155C0-DC26-1F78-B7E9-B4B1524A9902}.Debug|x86.ActiveCfg = Debug|Any CPU
		{E2B155C0-DC26-1F78-B7E9-B4B1524A9902}.Debug|x86.Build.0 = Debug|Any CPU
		{E2B155C0-DC26-1F78-B7E9-B4B1524A9902}.Release|Any CPU.ActiveCfg = Release|Any CPU
		{E2B155C0-DC26-1F78-B7E9-B4B1524A9902}.Release|Any CPU.Build.0 = Release|Any CPU
		{E2B155C0-DC26-1F78-B7E9-B4B1524A9902}.Release|x64.ActiveCfg = Release|Any CPU
		{E2B155C0-DC26-1F78-B7E9-B4B1524A9902}.Release|x64.Build.0 = Release|Any CPU
		{E2B155C0-DC26-1F78-B7E9-B4B1524A9902}.Release|x86.ActiveCfg = Release|Any CPU
		{E2B155C0-DC26-1F78-B7E9-B4B1524A9902}.Release|x86.Build.0 = Release|Any CPU
		{E891CA21-7F1E-4A35-AF98-9D2A5C0104D8}.Debug|Any CPU.ActiveCfg = Debug|Any CPU
		{E891CA21-7F1E-4A35-AF98-9D2A5C0104D8}.Debug|Any CPU.Build.0 = Debug|Any CPU
		{E891CA21-7F1E-4A35-AF98-9D2A5C0104D8}.Debug|x64.ActiveCfg = Debug|Any CPU
		{E891CA21-7F1E-4A35-AF98-9D2A5C0104D8}.Debug|x64.Build.0 = Debug|Any CPU
		{E891CA21-7F1E-4A35-AF98-9D2A5C0104D8}.Debug|x86.ActiveCfg = Debug|Any CPU
		{E891CA21-7F1E-4A35-AF98-9D2A5C0104D8}.Debug|x86.Build.0 = Debug|Any CPU
		{E891CA21-7F1E-4A35-AF98-9D2A5C0104D8}.Release|Any CPU.ActiveCfg = Release|Any CPU
		{E891CA21-7F1E-4A35-AF98-9D2A5C0104D8}.Release|Any CPU.Build.0 = Release|Any CPU
		{E891CA21-7F1E-4A35-AF98-9D2A5C0104D8}.Release|x64.ActiveCfg = Release|Any CPU
		{E891CA21-7F1E-4A35-AF98-9D2A5C0104D8}.Release|x64.Build.0 = Release|Any CPU
		{E891CA21-7F1E-4A35-AF98-9D2A5C0104D8}.Release|x86.ActiveCfg = Release|Any CPU
		{E891CA21-7F1E-4A35-AF98-9D2A5C0104D8}.Release|x86.Build.0 = Release|Any CPU
		{AEC75B4E-7D10-4FCF-BEB8-E04A4A3AE29D}.Debug|Any CPU.ActiveCfg = Debug|Any CPU
		{AEC75B4E-7D10-4FCF-BEB8-E04A4A3AE29D}.Debug|Any CPU.Build.0 = Debug|Any CPU
		{AEC75B4E-7D10-4FCF-BEB8-E04A4A3AE29D}.Debug|x64.ActiveCfg = Debug|Any CPU
		{AEC75B4E-7D10-4FCF-BEB8-E04A4A3AE29D}.Debug|x64.Build.0 = Debug|Any CPU
		{AEC75B4E-7D10-4FCF-BEB8-E04A4A3AE29D}.Debug|x86.ActiveCfg = Debug|Any CPU
		{AEC75B4E-7D10-4FCF-BEB8-E04A4A3AE29D}.Debug|x86.Build.0 = Debug|Any CPU
		{AEC75B4E-7D10-4FCF-BEB8-E04A4A3AE29D}.Release|Any CPU.ActiveCfg = Release|Any CPU
		{AEC75B4E-7D10-4FCF-BEB8-E04A4A3AE29D}.Release|Any CPU.Build.0 = Release|Any CPU
		{AEC75B4E-7D10-4FCF-BEB8-E04A4A3AE29D}.Release|x64.ActiveCfg = Release|Any CPU
		{AEC75B4E-7D10-4FCF-BEB8-E04A4A3AE29D}.Release|x64.Build.0 = Release|Any CPU
		{AEC75B4E-7D10-4FCF-BEB8-E04A4A3AE29D}.Release|x86.ActiveCfg = Release|Any CPU
		{AEC75B4E-7D10-4FCF-BEB8-E04A4A3AE29D}.Release|x86.Build.0 = Release|Any CPU
		{72447551-CAC3-4135-AE06-7E8B8177229C}.Debug|Any CPU.ActiveCfg = Debug|Any CPU
		{72447551-CAC3-4135-AE06-7E8B8177229C}.Debug|Any CPU.Build.0 = Debug|Any CPU
		{72447551-CAC3-4135-AE06-7E8B8177229C}.Debug|x64.ActiveCfg = Debug|Any CPU
		{72447551-CAC3-4135-AE06-7E8B8177229C}.Debug|x64.Build.0 = Debug|Any CPU
		{72447551-CAC3-4135-AE06-7E8B8177229C}.Debug|x86.ActiveCfg = Debug|Any CPU
		{72447551-CAC3-4135-AE06-7E8B8177229C}.Debug|x86.Build.0 = Debug|Any CPU
		{72447551-CAC3-4135-AE06-7E8B8177229C}.Release|Any CPU.ActiveCfg = Release|Any CPU
		{72447551-CAC3-4135-AE06-7E8B8177229C}.Release|Any CPU.Build.0 = Release|Any CPU
		{72447551-CAC3-4135-AE06-7E8B8177229C}.Release|x64.ActiveCfg = Release|Any CPU
		{72447551-CAC3-4135-AE06-7E8B8177229C}.Release|x64.Build.0 = Release|Any CPU
		{72447551-CAC3-4135-AE06-7E8B8177229C}.Release|x86.ActiveCfg = Release|Any CPU
		{72447551-CAC3-4135-AE06-7E8B8177229C}.Release|x86.Build.0 = Release|Any CPU
		{75369D09-FFEF-4213-B9EE-93733AA156F6}.Debug|Any CPU.ActiveCfg = Debug|Any CPU
		{75369D09-FFEF-4213-B9EE-93733AA156F6}.Debug|Any CPU.Build.0 = Debug|Any CPU
		{75369D09-FFEF-4213-B9EE-93733AA156F6}.Debug|x64.ActiveCfg = Debug|Any CPU
		{75369D09-FFEF-4213-B9EE-93733AA156F6}.Debug|x64.Build.0 = Debug|Any CPU
		{75369D09-FFEF-4213-B9EE-93733AA156F6}.Debug|x86.ActiveCfg = Debug|Any CPU
		{75369D09-FFEF-4213-B9EE-93733AA156F6}.Debug|x86.Build.0 = Debug|Any CPU
		{75369D09-FFEF-4213-B9EE-93733AA156F6}.Release|Any CPU.ActiveCfg = Release|Any CPU
		{75369D09-FFEF-4213-B9EE-93733AA156F6}.Release|Any CPU.Build.0 = Release|Any CPU
		{75369D09-FFEF-4213-B9EE-93733AA156F6}.Release|x64.ActiveCfg = Release|Any CPU
		{75369D09-FFEF-4213-B9EE-93733AA156F6}.Release|x64.Build.0 = Release|Any CPU
		{75369D09-FFEF-4213-B9EE-93733AA156F6}.Release|x86.ActiveCfg = Release|Any CPU
		{75369D09-FFEF-4213-B9EE-93733AA156F6}.Release|x86.Build.0 = Release|Any CPU
		{D50E8B11-B918-4CFA-90B8-D8B60A0DDE7A}.Debug|Any CPU.ActiveCfg = Debug|Any CPU
		{D50E8B11-B918-4CFA-90B8-D8B60A0DDE7A}.Debug|Any CPU.Build.0 = Debug|Any CPU
		{D50E8B11-B918-4CFA-90B8-D8B60A0DDE7A}.Debug|x64.ActiveCfg = Debug|Any CPU
		{D50E8B11-B918-4CFA-90B8-D8B60A0DDE7A}.Debug|x64.Build.0 = Debug|Any CPU
		{D50E8B11-B918-4CFA-90B8-D8B60A0DDE7A}.Debug|x86.ActiveCfg = Debug|Any CPU
		{D50E8B11-B918-4CFA-90B8-D8B60A0DDE7A}.Debug|x86.Build.0 = Debug|Any CPU
		{D50E8B11-B918-4CFA-90B8-D8B60A0DDE7A}.Release|Any CPU.ActiveCfg = Release|Any CPU
		{D50E8B11-B918-4CFA-90B8-D8B60A0DDE7A}.Release|Any CPU.Build.0 = Release|Any CPU
		{D50E8B11-B918-4CFA-90B8-D8B60A0DDE7A}.Release|x64.ActiveCfg = Release|Any CPU
		{D50E8B11-B918-4CFA-90B8-D8B60A0DDE7A}.Release|x64.Build.0 = Release|Any CPU
		{D50E8B11-B918-4CFA-90B8-D8B60A0DDE7A}.Release|x86.ActiveCfg = Release|Any CPU
		{D50E8B11-B918-4CFA-90B8-D8B60A0DDE7A}.Release|x86.Build.0 = Release|Any CPU
		{2D30D16B-DD94-4A05-9B90-AB7C56F3E545}.Debug|Any CPU.ActiveCfg = Debug|Any CPU
		{2D30D16B-DD94-4A05-9B90-AB7C56F3E545}.Debug|Any CPU.Build.0 = Debug|Any CPU
		{2D30D16B-DD94-4A05-9B90-AB7C56F3E545}.Debug|x64.ActiveCfg = Debug|Any CPU
		{2D30D16B-DD94-4A05-9B90-AB7C56F3E545}.Debug|x64.Build.0 = Debug|Any CPU
		{2D30D16B-DD94-4A05-9B90-AB7C56F3E545}.Debug|x86.ActiveCfg = Debug|Any CPU
		{2D30D16B-DD94-4A05-9B90-AB7C56F3E545}.Debug|x86.Build.0 = Debug|Any CPU
		{2D30D16B-DD94-4A05-9B90-AB7C56F3E545}.Release|Any CPU.ActiveCfg = Release|Any CPU
		{2D30D16B-DD94-4A05-9B90-AB7C56F3E545}.Release|Any CPU.Build.0 = Release|Any CPU
		{2D30D16B-DD94-4A05-9B90-AB7C56F3E545}.Release|x64.ActiveCfg = Release|Any CPU
		{2D30D16B-DD94-4A05-9B90-AB7C56F3E545}.Release|x64.Build.0 = Release|Any CPU
		{2D30D16B-DD94-4A05-9B90-AB7C56F3E545}.Release|x86.ActiveCfg = Release|Any CPU
		{2D30D16B-DD94-4A05-9B90-AB7C56F3E545}.Release|x86.Build.0 = Release|Any CPU
		{A2B3C4D5-E6F7-4A5B-9C8D-E1F2A3B4C5D6}.Debug|Any CPU.ActiveCfg = Debug|Any CPU
		{A2B3C4D5-E6F7-4A5B-9C8D-E1F2A3B4C5D6}.Debug|Any CPU.Build.0 = Debug|Any CPU
		{A2B3C4D5-E6F7-4A5B-9C8D-E1F2A3B4C5D6}.Debug|x64.ActiveCfg = Debug|Any CPU
		{A2B3C4D5-E6F7-4A5B-9C8D-E1F2A3B4C5D6}.Debug|x64.Build.0 = Debug|Any CPU
		{A2B3C4D5-E6F7-4A5B-9C8D-E1F2A3B4C5D6}.Debug|x86.ActiveCfg = Debug|Any CPU
		{A2B3C4D5-E6F7-4A5B-9C8D-E1F2A3B4C5D6}.Debug|x86.Build.0 = Debug|Any CPU
		{A2B3C4D5-E6F7-4A5B-9C8D-E1F2A3B4C5D6}.Release|Any CPU.ActiveCfg = Release|Any CPU
		{A2B3C4D5-E6F7-4A5B-9C8D-E1F2A3B4C5D6}.Release|Any CPU.Build.0 = Release|Any CPU
		{A2B3C4D5-E6F7-4A5B-9C8D-E1F2A3B4C5D6}.Release|x64.ActiveCfg = Release|Any CPU
		{A2B3C4D5-E6F7-4A5B-9C8D-E1F2A3B4C5D6}.Release|x64.Build.0 = Release|Any CPU
		{A2B3C4D5-E6F7-4A5B-9C8D-E1F2A3B4C5D6}.Release|x86.ActiveCfg = Release|Any CPU
		{A2B3C4D5-E6F7-4A5B-9C8D-E1F2A3B4C5D6}.Release|x86.Build.0 = Release|Any CPU
		{838886D7-C244-AA56-83CC-4B20AEC7F7B6}.Debug|Any CPU.ActiveCfg = Debug|Any CPU
		{838886D7-C244-AA56-83CC-4B20AEC7F7B6}.Debug|Any CPU.Build.0 = Debug|Any CPU
		{838886D7-C244-AA56-83CC-4B20AEC7F7B6}.Debug|x64.ActiveCfg = Debug|Any CPU
		{838886D7-C244-AA56-83CC-4B20AEC7F7B6}.Debug|x64.Build.0 = Debug|Any CPU
		{838886D7-C244-AA56-83CC-4B20AEC7F7B6}.Debug|x86.ActiveCfg = Debug|Any CPU
		{838886D7-C244-AA56-83CC-4B20AEC7F7B6}.Debug|x86.Build.0 = Debug|Any CPU
		{838886D7-C244-AA56-83CC-4B20AEC7F7B6}.Release|Any CPU.ActiveCfg = Release|Any CPU
		{838886D7-C244-AA56-83CC-4B20AEC7F7B6}.Release|Any CPU.Build.0 = Release|Any CPU
		{838886D7-C244-AA56-83CC-4B20AEC7F7B6}.Release|x64.ActiveCfg = Release|Any CPU
		{838886D7-C244-AA56-83CC-4B20AEC7F7B6}.Release|x64.Build.0 = Release|Any CPU
		{838886D7-C244-AA56-83CC-4B20AEC7F7B6}.Release|x86.ActiveCfg = Release|Any CPU
		{838886D7-C244-AA56-83CC-4B20AEC7F7B6}.Release|x86.Build.0 = Release|Any CPU
		{C494C45E-6B0B-4BAC-859A-F233A12F685B}.Debug|Any CPU.ActiveCfg = Debug|Any CPU
		{C494C45E-6B0B-4BAC-859A-F233A12F685B}.Debug|Any CPU.Build.0 = Debug|Any CPU
		{C494C45E-6B0B-4BAC-859A-F233A12F685B}.Debug|x64.ActiveCfg = Debug|Any CPU
		{C494C45E-6B0B-4BAC-859A-F233A12F685B}.Debug|x64.Build.0 = Debug|Any CPU
		{C494C45E-6B0B-4BAC-859A-F233A12F685B}.Debug|x86.ActiveCfg = Debug|Any CPU
		{C494C45E-6B0B-4BAC-859A-F233A12F685B}.Debug|x86.Build.0 = Debug|Any CPU
		{C494C45E-6B0B-4BAC-859A-F233A12F685B}.Release|Any CPU.ActiveCfg = Release|Any CPU
		{C494C45E-6B0B-4BAC-859A-F233A12F685B}.Release|Any CPU.Build.0 = Release|Any CPU
		{C494C45E-6B0B-4BAC-859A-F233A12F685B}.Release|x64.ActiveCfg = Release|Any CPU
		{C494C45E-6B0B-4BAC-859A-F233A12F685B}.Release|x64.Build.0 = Release|Any CPU
		{C494C45E-6B0B-4BAC-859A-F233A12F685B}.Release|x86.ActiveCfg = Release|Any CPU
		{C494C45E-6B0B-4BAC-859A-F233A12F685B}.Release|x86.Build.0 = Release|Any CPU
		{0E770EAA-5962-4FFA-BA7E-C816F9336FAF}.Debug|Any CPU.ActiveCfg = Debug|Any CPU
		{0E770EAA-5962-4FFA-BA7E-C816F9336FAF}.Debug|Any CPU.Build.0 = Debug|Any CPU
		{0E770EAA-5962-4FFA-BA7E-C816F9336FAF}.Debug|x64.ActiveCfg = Debug|Any CPU
		{0E770EAA-5962-4FFA-BA7E-C816F9336FAF}.Debug|x64.Build.0 = Debug|Any CPU
		{0E770EAA-5962-4FFA-BA7E-C816F9336FAF}.Debug|x86.ActiveCfg = Debug|Any CPU
		{0E770EAA-5962-4FFA-BA7E-C816F9336FAF}.Debug|x86.Build.0 = Debug|Any CPU
		{0E770EAA-5962-4FFA-BA7E-C816F9336FAF}.Release|Any CPU.ActiveCfg = Release|Any CPU
		{0E770EAA-5962-4FFA-BA7E-C816F9336FAF}.Release|Any CPU.Build.0 = Release|Any CPU
		{0E770EAA-5962-4FFA-BA7E-C816F9336FAF}.Release|x64.ActiveCfg = Release|Any CPU
		{0E770EAA-5962-4FFA-BA7E-C816F9336FAF}.Release|x64.Build.0 = Release|Any CPU
		{0E770EAA-5962-4FFA-BA7E-C816F9336FAF}.Release|x86.ActiveCfg = Release|Any CPU
		{0E770EAA-5962-4FFA-BA7E-C816F9336FAF}.Release|x86.Build.0 = Release|Any CPU
		{96A1C31A-CE2C-4B28-A765-793CEF4F311C}.Debug|Any CPU.ActiveCfg = Debug|Any CPU
		{96A1C31A-CE2C-4B28-A765-793CEF4F311C}.Debug|Any CPU.Build.0 = Debug|Any CPU
		{96A1C31A-CE2C-4B28-A765-793CEF4F311C}.Debug|x64.ActiveCfg = Debug|Any CPU
		{96A1C31A-CE2C-4B28-A765-793CEF4F311C}.Debug|x64.Build.0 = Debug|Any CPU
		{96A1C31A-CE2C-4B28-A765-793CEF4F311C}.Debug|x86.ActiveCfg = Debug|Any CPU
		{96A1C31A-CE2C-4B28-A765-793CEF4F311C}.Debug|x86.Build.0 = Debug|Any CPU
		{96A1C31A-CE2C-4B28-A765-793CEF4F311C}.Release|Any CPU.ActiveCfg = Release|Any CPU
		{96A1C31A-CE2C-4B28-A765-793CEF4F311C}.Release|Any CPU.Build.0 = Release|Any CPU
		{96A1C31A-CE2C-4B28-A765-793CEF4F311C}.Release|x64.ActiveCfg = Release|Any CPU
		{96A1C31A-CE2C-4B28-A765-793CEF4F311C}.Release|x64.Build.0 = Release|Any CPU
		{96A1C31A-CE2C-4B28-A765-793CEF4F311C}.Release|x86.ActiveCfg = Release|Any CPU
		{96A1C31A-CE2C-4B28-A765-793CEF4F311C}.Release|x86.Build.0 = Release|Any CPU
		{902E050E-BA92-4E47-AFE3-74955FFE5B48}.Debug|Any CPU.ActiveCfg = Debug|Any CPU
		{902E050E-BA92-4E47-AFE3-74955FFE5B48}.Debug|Any CPU.Build.0 = Debug|Any CPU
		{902E050E-BA92-4E47-AFE3-74955FFE5B48}.Debug|x64.ActiveCfg = Debug|Any CPU
		{902E050E-BA92-4E47-AFE3-74955FFE5B48}.Debug|x64.Build.0 = Debug|Any CPU
		{902E050E-BA92-4E47-AFE3-74955FFE5B48}.Debug|x86.ActiveCfg = Debug|Any CPU
		{902E050E-BA92-4E47-AFE3-74955FFE5B48}.Debug|x86.Build.0 = Debug|Any CPU
		{902E050E-BA92-4E47-AFE3-74955FFE5B48}.Release|Any CPU.ActiveCfg = Release|Any CPU
		{902E050E-BA92-4E47-AFE3-74955FFE5B48}.Release|Any CPU.Build.0 = Release|Any CPU
		{902E050E-BA92-4E47-AFE3-74955FFE5B48}.Release|x64.ActiveCfg = Release|Any CPU
		{902E050E-BA92-4E47-AFE3-74955FFE5B48}.Release|x64.Build.0 = Release|Any CPU
		{902E050E-BA92-4E47-AFE3-74955FFE5B48}.Release|x86.ActiveCfg = Release|Any CPU
		{902E050E-BA92-4E47-AFE3-74955FFE5B48}.Release|x86.Build.0 = Release|Any CPU
		{DA537C4E-E84D-A307-D5B0-81697E935BE9}.Debug|Any CPU.ActiveCfg = Debug|Any CPU
		{DA537C4E-E84D-A307-D5B0-81697E935BE9}.Debug|Any CPU.Build.0 = Debug|Any CPU
		{DA537C4E-E84D-A307-D5B0-81697E935BE9}.Debug|x64.ActiveCfg = Debug|Any CPU
		{DA537C4E-E84D-A307-D5B0-81697E935BE9}.Debug|x64.Build.0 = Debug|Any CPU
		{DA537C4E-E84D-A307-D5B0-81697E935BE9}.Debug|x86.ActiveCfg = Debug|Any CPU
		{DA537C4E-E84D-A307-D5B0-81697E935BE9}.Debug|x86.Build.0 = Debug|Any CPU
		{DA537C4E-E84D-A307-D5B0-81697E935BE9}.Release|Any CPU.ActiveCfg = Release|Any CPU
		{DA537C4E-E84D-A307-D5B0-81697E935BE9}.Release|Any CPU.Build.0 = Release|Any CPU
		{DA537C4E-E84D-A307-D5B0-81697E935BE9}.Release|x64.ActiveCfg = Release|Any CPU
		{DA537C4E-E84D-A307-D5B0-81697E935BE9}.Release|x64.Build.0 = Release|Any CPU
		{DA537C4E-E84D-A307-D5B0-81697E935BE9}.Release|x86.ActiveCfg = Release|Any CPU
		{DA537C4E-E84D-A307-D5B0-81697E935BE9}.Release|x86.Build.0 = Release|Any CPU
		{1C58A0BA-2B84-488A-BA7F-E16351F6B2B3}.Debug|Any CPU.ActiveCfg = Debug|Any CPU
		{1C58A0BA-2B84-488A-BA7F-E16351F6B2B3}.Debug|Any CPU.Build.0 = Debug|Any CPU
		{1C58A0BA-2B84-488A-BA7F-E16351F6B2B3}.Debug|x64.ActiveCfg = Debug|Any CPU
		{1C58A0BA-2B84-488A-BA7F-E16351F6B2B3}.Debug|x64.Build.0 = Debug|Any CPU
		{1C58A0BA-2B84-488A-BA7F-E16351F6B2B3}.Debug|x86.ActiveCfg = Debug|Any CPU
		{1C58A0BA-2B84-488A-BA7F-E16351F6B2B3}.Debug|x86.Build.0 = Debug|Any CPU
		{1C58A0BA-2B84-488A-BA7F-E16351F6B2B3}.Release|Any CPU.ActiveCfg = Release|Any CPU
		{1C58A0BA-2B84-488A-BA7F-E16351F6B2B3}.Release|Any CPU.Build.0 = Release|Any CPU
		{1C58A0BA-2B84-488A-BA7F-E16351F6B2B3}.Release|x64.ActiveCfg = Release|Any CPU
		{1C58A0BA-2B84-488A-BA7F-E16351F6B2B3}.Release|x64.Build.0 = Release|Any CPU
		{1C58A0BA-2B84-488A-BA7F-E16351F6B2B3}.Release|x86.ActiveCfg = Release|Any CPU
		{1C58A0BA-2B84-488A-BA7F-E16351F6B2B3}.Release|x86.Build.0 = Release|Any CPU
		{2B7BA03C-DA0F-4BD3-825D-3794D608C7D3}.Debug|Any CPU.ActiveCfg = Debug|Any CPU
		{2B7BA03C-DA0F-4BD3-825D-3794D608C7D3}.Debug|Any CPU.Build.0 = Debug|Any CPU
		{2B7BA03C-DA0F-4BD3-825D-3794D608C7D3}.Debug|x64.ActiveCfg = Debug|Any CPU
		{2B7BA03C-DA0F-4BD3-825D-3794D608C7D3}.Debug|x64.Build.0 = Debug|Any CPU
		{2B7BA03C-DA0F-4BD3-825D-3794D608C7D3}.Debug|x86.ActiveCfg = Debug|Any CPU
		{2B7BA03C-DA0F-4BD3-825D-3794D608C7D3}.Debug|x86.Build.0 = Debug|Any CPU
		{2B7BA03C-DA0F-4BD3-825D-3794D608C7D3}.Release|Any CPU.ActiveCfg = Release|Any CPU
		{2B7BA03C-DA0F-4BD3-825D-3794D608C7D3}.Release|Any CPU.Build.0 = Release|Any CPU
		{2B7BA03C-DA0F-4BD3-825D-3794D608C7D3}.Release|x64.ActiveCfg = Release|Any CPU
		{2B7BA03C-DA0F-4BD3-825D-3794D608C7D3}.Release|x64.Build.0 = Release|Any CPU
		{2B7BA03C-DA0F-4BD3-825D-3794D608C7D3}.Release|x86.ActiveCfg = Release|Any CPU
		{2B7BA03C-DA0F-4BD3-825D-3794D608C7D3}.Release|x86.Build.0 = Release|Any CPU
		{7422EE1F-9173-4F3F-BB5D-1DC8ACFA5EF0}.Debug|Any CPU.ActiveCfg = Debug|Any CPU
		{7422EE1F-9173-4F3F-BB5D-1DC8ACFA5EF0}.Debug|Any CPU.Build.0 = Debug|Any CPU
		{7422EE1F-9173-4F3F-BB5D-1DC8ACFA5EF0}.Debug|x64.ActiveCfg = Debug|Any CPU
		{7422EE1F-9173-4F3F-BB5D-1DC8ACFA5EF0}.Debug|x64.Build.0 = Debug|Any CPU
		{7422EE1F-9173-4F3F-BB5D-1DC8ACFA5EF0}.Debug|x86.ActiveCfg = Debug|Any CPU
		{7422EE1F-9173-4F3F-BB5D-1DC8ACFA5EF0}.Debug|x86.Build.0 = Debug|Any CPU
		{7422EE1F-9173-4F3F-BB5D-1DC8ACFA5EF0}.Release|Any CPU.ActiveCfg = Release|Any CPU
		{7422EE1F-9173-4F3F-BB5D-1DC8ACFA5EF0}.Release|Any CPU.Build.0 = Release|Any CPU
		{7422EE1F-9173-4F3F-BB5D-1DC8ACFA5EF0}.Release|x64.ActiveCfg = Release|Any CPU
		{7422EE1F-9173-4F3F-BB5D-1DC8ACFA5EF0}.Release|x64.Build.0 = Release|Any CPU
		{7422EE1F-9173-4F3F-BB5D-1DC8ACFA5EF0}.Release|x86.ActiveCfg = Release|Any CPU
		{7422EE1F-9173-4F3F-BB5D-1DC8ACFA5EF0}.Release|x86.Build.0 = Release|Any CPU
		{15684C16-1F84-4F59-80FA-8F5B03FA1CC3}.Debug|Any CPU.ActiveCfg = Debug|Any CPU
		{15684C16-1F84-4F59-80FA-8F5B03FA1CC3}.Debug|Any CPU.Build.0 = Debug|Any CPU
		{15684C16-1F84-4F59-80FA-8F5B03FA1CC3}.Debug|x64.ActiveCfg = Debug|Any CPU
		{15684C16-1F84-4F59-80FA-8F5B03FA1CC3}.Debug|x64.Build.0 = Debug|Any CPU
		{15684C16-1F84-4F59-80FA-8F5B03FA1CC3}.Debug|x86.ActiveCfg = Debug|Any CPU
		{15684C16-1F84-4F59-80FA-8F5B03FA1CC3}.Debug|x86.Build.0 = Debug|Any CPU
		{15684C16-1F84-4F59-80FA-8F5B03FA1CC3}.Release|Any CPU.ActiveCfg = Release|Any CPU
		{15684C16-1F84-4F59-80FA-8F5B03FA1CC3}.Release|Any CPU.Build.0 = Release|Any CPU
		{15684C16-1F84-4F59-80FA-8F5B03FA1CC3}.Release|x64.ActiveCfg = Release|Any CPU
		{15684C16-1F84-4F59-80FA-8F5B03FA1CC3}.Release|x64.Build.0 = Release|Any CPU
		{15684C16-1F84-4F59-80FA-8F5B03FA1CC3}.Release|x86.ActiveCfg = Release|Any CPU
		{15684C16-1F84-4F59-80FA-8F5B03FA1CC3}.Release|x86.Build.0 = Release|Any CPU
		{CF89B836-4146-4EC8-A1F1-4C8359133B0A}.Debug|Any CPU.ActiveCfg = Debug|Any CPU
		{CF89B836-4146-4EC8-A1F1-4C8359133B0A}.Debug|Any CPU.Build.0 = Debug|Any CPU
		{CF89B836-4146-4EC8-A1F1-4C8359133B0A}.Debug|x64.ActiveCfg = Debug|Any CPU
		{CF89B836-4146-4EC8-A1F1-4C8359133B0A}.Debug|x64.Build.0 = Debug|Any CPU
		{CF89B836-4146-4EC8-A1F1-4C8359133B0A}.Debug|x86.ActiveCfg = Debug|Any CPU
		{CF89B836-4146-4EC8-A1F1-4C8359133B0A}.Debug|x86.Build.0 = Debug|Any CPU
		{CF89B836-4146-4EC8-A1F1-4C8359133B0A}.Release|Any CPU.ActiveCfg = Release|Any CPU
		{CF89B836-4146-4EC8-A1F1-4C8359133B0A}.Release|Any CPU.Build.0 = Release|Any CPU
		{CF89B836-4146-4EC8-A1F1-4C8359133B0A}.Release|x64.ActiveCfg = Release|Any CPU
		{CF89B836-4146-4EC8-A1F1-4C8359133B0A}.Release|x64.Build.0 = Release|Any CPU
		{CF89B836-4146-4EC8-A1F1-4C8359133B0A}.Release|x86.ActiveCfg = Release|Any CPU
		{CF89B836-4146-4EC8-A1F1-4C8359133B0A}.Release|x86.Build.0 = Release|Any CPU
		{DB977F2B-C807-4C5E-BC48-64849FB6D3F8}.Debug|Any CPU.ActiveCfg = Debug|Any CPU
		{DB977F2B-C807-4C5E-BC48-64849FB6D3F8}.Debug|Any CPU.Build.0 = Debug|Any CPU
		{DB977F2B-C807-4C5E-BC48-64849FB6D3F8}.Debug|x64.ActiveCfg = Debug|Any CPU
		{DB977F2B-C807-4C5E-BC48-64849FB6D3F8}.Debug|x64.Build.0 = Debug|Any CPU
		{DB977F2B-C807-4C5E-BC48-64849FB6D3F8}.Debug|x86.ActiveCfg = Debug|Any CPU
		{DB977F2B-C807-4C5E-BC48-64849FB6D3F8}.Debug|x86.Build.0 = Debug|Any CPU
		{DB977F2B-C807-4C5E-BC48-64849FB6D3F8}.Release|Any CPU.ActiveCfg = Release|Any CPU
		{DB977F2B-C807-4C5E-BC48-64849FB6D3F8}.Release|Any CPU.Build.0 = Release|Any CPU
		{DB977F2B-C807-4C5E-BC48-64849FB6D3F8}.Release|x64.ActiveCfg = Release|Any CPU
		{DB977F2B-C807-4C5E-BC48-64849FB6D3F8}.Release|x64.Build.0 = Release|Any CPU
		{DB977F2B-C807-4C5E-BC48-64849FB6D3F8}.Release|x86.ActiveCfg = Release|Any CPU
		{DB977F2B-C807-4C5E-BC48-64849FB6D3F8}.Release|x86.Build.0 = Release|Any CPU
	EndGlobalSection
	GlobalSection(SolutionProperties) = preSolution
		HideSolutionNode = FALSE
	EndGlobalSection
	GlobalSection(NestedProjects) = preSolution
		{A723C0D5-0065-B6B2-3C0F-D921493AB14E} = {C43DCDF7-5D9D-4A12-928B-109444867046}
		{D5751A7E-1F4F-4D53-8623-FD882A8653B0} = {02EA681E-C7D8-13C7-8484-4AC65E1B71E8}
		{295C5E9A-20BC-48E8-B3B9-2BC329DCD3B7} = {02EA681E-C7D8-13C7-8484-4AC65E1B71E8}
		{D55DFAF4-45A1-4C45-AA54-8CE46F0AFB1F} = {02EA681E-C7D8-13C7-8484-4AC65E1B71E8}
		{F98F35D2-DE8C-49BC-9785-CDFBA3EA22EF} = {02EA681E-C7D8-13C7-8484-4AC65E1B71E8}
		{B5465160-1EE9-9113-4E66-4FCF2EC8F5DF} = {F98F35D2-DE8C-49BC-9785-CDFBA3EA22EF}
		{9E8191C1-8216-B109-888B-6E4663C2CD53} = {295C5E9A-20BC-48E8-B3B9-2BC329DCD3B7}
		{464E05CB-AA53-B1B2-CC71-6ABB65F2C62C} = {D5751A7E-1F4F-4D53-8623-FD882A8653B0}
		{E2B155C0-DC26-1F78-B7E9-B4B1524A9902} = {D5751A7E-1F4F-4D53-8623-FD882A8653B0}
		{C0DDB0A1-0AF4-4914-AB78-34E34FEFBF22} = {D55DFAF4-45A1-4C45-AA54-8CE46F0AFB1F}
		{5C93FF51-3F09-4446-9F17-146D8D91C8B8} = {C0DDB0A1-0AF4-4914-AB78-34E34FEFBF22}
		{8F957DC8-7EB5-4A1F-BD02-794D816D0A4C} = {C0DDB0A1-0AF4-4914-AB78-34E34FEFBF22}
		{DCFD7F4F-35EC-4D56-926A-AFF47A42939E} = {C0DDB0A1-0AF4-4914-AB78-34E34FEFBF22}
		{ACAE8CA4-04A2-4573-853B-E25B2F50671A} = {C0DDB0A1-0AF4-4914-AB78-34E34FEFBF22}
		{E891CA21-7F1E-4A35-AF98-9D2A5C0104D8} = {5C93FF51-3F09-4446-9F17-146D8D91C8B8}
		{AEC75B4E-7D10-4FCF-BEB8-E04A4A3AE29D} = {8F957DC8-7EB5-4A1F-BD02-794D816D0A4C}
		{72447551-CAC3-4135-AE06-7E8B8177229C} = {DCFD7F4F-35EC-4D56-926A-AFF47A42939E}
		{75369D09-FFEF-4213-B9EE-93733AA156F6} = {ACAE8CA4-04A2-4573-853B-E25B2F50671A}
		{D50E8B11-B918-4CFA-90B8-D8B60A0DDE7A} = {C43DCDF7-5D9D-4A12-928B-109444867046}
		{2D30D16B-DD94-4A05-9B90-AB7C56F3E545} = {C43DCDF7-5D9D-4A12-928B-109444867046}
		{A2B3C4D5-E6F7-4A5B-9C8D-E1F2A3B4C5D6} = {C43DCDF7-5D9D-4A12-928B-109444867046}
		{EA1A0251-FB5A-4966-BF96-64D6F78F95AA} = {C0DDB0A1-0AF4-4914-AB78-34E34FEFBF22}
		{838886D7-C244-AA56-83CC-4B20AEC7F7B6} = {EA1A0251-FB5A-4966-BF96-64D6F78F95AA}
		{28AE6D85-CB78-4997-151B-EEE5F92B2AA7} = {D55DFAF4-45A1-4C45-AA54-8CE46F0AFB1F}
		{E731A8BF-B36F-2323-645D-E995216C57F6} = {28AE6D85-CB78-4997-151B-EEE5F92B2AA7}
		{C494C45E-6B0B-4BAC-859A-F233A12F685B} = {E731A8BF-B36F-2323-645D-E995216C57F6}
		{C843E946-57F7-9E6A-7E72-98B9F2022F26} = {28AE6D85-CB78-4997-151B-EEE5F92B2AA7}
		{0E770EAA-5962-4FFA-BA7E-C816F9336FAF} = {C843E946-57F7-9E6A-7E72-98B9F2022F26}
		{CD2F1C8D-651B-BD0A-D5A3-D32626A47974} = {28AE6D85-CB78-4997-151B-EEE5F92B2AA7}
		{96A1C31A-CE2C-4B28-A765-793CEF4F311C} = {CD2F1C8D-651B-BD0A-D5A3-D32626A47974}
		{CED78ED4-735A-6ACE-AE70-A11020087754} = {28AE6D85-CB78-4997-151B-EEE5F92B2AA7}
		{902E050E-BA92-4E47-AFE3-74955FFE5B48} = {CED78ED4-735A-6ACE-AE70-A11020087754}
		{C0E83F81-2ABD-45EE-8DB3-9FD92C147D80} = {28AE6D85-CB78-4997-151B-EEE5F92B2AA7}
		{DA537C4E-E84D-A307-D5B0-81697E935BE9} = {C0E83F81-2ABD-45EE-8DB3-9FD92C147D80}
		{1C58A0BA-2B84-488A-BA7F-E16351F6B2B3} = {C43DCDF7-5D9D-4A12-928B-109444867046}
		{AF58434C-1364-2869-CEF6-1D865BB8823F} = {D55DFAF4-45A1-4C45-AA54-8CE46F0AFB1F}
		{74826B8F-3900-251A-9045-48B643A19426} = {AF58434C-1364-2869-CEF6-1D865BB8823F}
		{2B7BA03C-DA0F-4BD3-825D-3794D608C7D3} = {74826B8F-3900-251A-9045-48B643A19426}
		{1CE72D3A-35C7-8A3E-1FD4-BB368253C85D} = {AF58434C-1364-2869-CEF6-1D865BB8823F}
		{7422EE1F-9173-4F3F-BB5D-1DC8ACFA5EF0} = {1CE72D3A-35C7-8A3E-1FD4-BB368253C85D}
		{159C2A42-35C0-EED0-8201-0D2FEEEE359C} = {AF58434C-1364-2869-CEF6-1D865BB8823F}
		{15684C16-1F84-4F59-80FA-8F5B03FA1CC3} = {159C2A42-35C0-EED0-8201-0D2FEEEE359C}
		{FF3E0487-BA59-710F-AF19-48FE8AA634D5} = {AF58434C-1364-2869-CEF6-1D865BB8823F}
		{CF89B836-4146-4EC8-A1F1-4C8359133B0A} = {FF3E0487-BA59-710F-AF19-48FE8AA634D5}
		{A5D09C43-04E6-19C8-EAD9-56493F6674A3} = {AF58434C-1364-2869-CEF6-1D865BB8823F}
		{DB977F2B-C807-4C5E-BC48-64849FB6D3F8} = {A5D09C43-04E6-19C8-EAD9-56493F6674A3}
	EndGlobalSection
	GlobalSection(ExtensibilityGlobals) = postSolution
		SolutionGuid = {391B5342-8EC5-4DF0-BCDA-6D73F87E8751}
	EndGlobalSection
EndGlobal
