Microsoft Visual Studio Solution File, Format Version 12.00
# Visual Studio Version 17
VisualStudioVersion = 17.14.36109.1
MinimumVisualStudioVersion = 10.0.40219.1
Project("{2150E333-8FDC-42A3-9474-1A3956D46DE8}") = "src", "src", "{02EA681E-C7D8-13C7-8484-4AC65E1B71E8}"
EndProject
Project("{2150E333-8FDC-42A3-9474-1A3956D46DE8}") = "tests", "tests", "{C43DCDF7-5D9D-4A12-928B-109444867046}"
EndProject
Project("{FAE04EC0-301F-11D3-BF4B-00C04F79EFBC}") = "MeAjudaAi.Tests", "tests\MeAjudaAi.Tests\MeAjudaAi.Tests.csproj", "{A723C0D5-0065-B6B2-3C0F-D921493AB14E}"
EndProject
Project("{2150E333-8FDC-42A3-9474-1A3956D46DE8}") = "Aspire", "Aspire", "{D5751A7E-1F4F-4D53-8623-FD882A8653B0}"
EndProject
Project("{2150E333-8FDC-42A3-9474-1A3956D46DE8}") = "Bootstrapper", "Bootstrapper", "{295C5E9A-20BC-48E8-B3B9-2BC329DCD3B7}"
EndProject
Project("{2150E333-8FDC-42A3-9474-1A3956D46DE8}") = "Modules", "Modules", "{D55DFAF4-45A1-4C45-AA54-8CE46F0AFB1F}"
EndProject
Project("{2150E333-8FDC-42A3-9474-1A3956D46DE8}") = "Shared", "Shared", "{F98F35D2-DE8C-49BC-9785-CDFBA3EA22EF}"
EndProject
Project("{FAE04EC0-301F-11D3-BF4B-00C04F79EFBC}") = "MeAjudaAi.Shared", "src\Shared\MeAjudai.Shared\MeAjudaAi.Shared.csproj", "{B5465160-1EE9-9113-4E66-4FCF2EC8F5DF}"
EndProject
Project("{FAE04EC0-301F-11D3-BF4B-00C04F79EFBC}") = "MeAjudaAi.ApiService", "src\Bootstrapper\MeAjudaAi.ApiService\MeAjudaAi.ApiService.csproj", "{9E8191C1-8216-B109-888B-6E4663C2CD53}"
EndProject
Project("{FAE04EC0-301F-11D3-BF4B-00C04F79EFBC}") = "MeAjudaAi.AppHost", "src\Aspire\MeAjudaAi.AppHost\MeAjudaAi.AppHost.csproj", "{464E05CB-AA53-B1B2-CC71-6ABB65F2C62C}"
EndProject
Project("{FAE04EC0-301F-11D3-BF4B-00C04F79EFBC}") = "MeAjudaAi.ServiceDefaults", "src\Aspire\MeAjudaAi.ServiceDefaults\MeAjudaAi.ServiceDefaults.csproj", "{E2B155C0-DC26-1F78-B7E9-B4B1524A9902}"
EndProject
Global
	GlobalSection(SolutionConfigurationPlatforms) = preSolution
		Debug|Any CPU = Debug|Any CPU
		Release|Any CPU = Release|Any CPU
	EndGlobalSection
	GlobalSection(ProjectConfigurationPlatforms) = postSolution
		{A723C0D5-0065-B6B2-3C0F-D921493AB14E}.Debug|Any CPU.ActiveCfg = Debug|Any CPU
		{A723C0D5-0065-B6B2-3C0F-D921493AB14E}.Debug|Any CPU.Build.0 = Debug|Any CPU
		{A723C0D5-0065-B6B2-3C0F-D921493AB14E}.Release|Any CPU.ActiveCfg = Release|Any CPU
		{A723C0D5-0065-B6B2-3C0F-D921493AB14E}.Release|Any CPU.Build.0 = Release|Any CPU
		{B5465160-1EE9-9113-4E66-4FCF2EC8F5DF}.Debug|Any CPU.ActiveCfg = Debug|Any CPU
		{B5465160-1EE9-9113-4E66-4FCF2EC8F5DF}.Debug|Any CPU.Build.0 = Debug|Any CPU
		{B5465160-1EE9-9113-4E66-4FCF2EC8F5DF}.Release|Any CPU.ActiveCfg = Release|Any CPU
		{B5465160-1EE9-9113-4E66-4FCF2EC8F5DF}.Release|Any CPU.Build.0 = Release|Any CPU
		{9E8191C1-8216-B109-888B-6E4663C2CD53}.Debug|Any CPU.ActiveCfg = Debug|Any CPU
		{9E8191C1-8216-B109-888B-6E4663C2CD53}.Debug|Any CPU.Build.0 = Debug|Any CPU
		{9E8191C1-8216-B109-888B-6E4663C2CD53}.Release|Any CPU.ActiveCfg = Release|Any CPU
		{9E8191C1-8216-B109-888B-6E4663C2CD53}.Release|Any CPU.Build.0 = Release|Any CPU
		{464E05CB-AA53-B1B2-CC71-6ABB65F2C62C}.Debug|Any CPU.ActiveCfg = Debug|Any CPU
		{464E05CB-AA53-B1B2-CC71-6ABB65F2C62C}.Debug|Any CPU.Build.0 = Debug|Any CPU
		{464E05CB-AA53-B1B2-CC71-6ABB65F2C62C}.Release|Any CPU.ActiveCfg = Release|Any CPU
		{464E05CB-AA53-B1B2-CC71-6ABB65F2C62C}.Release|Any CPU.Build.0 = Release|Any CPU
		{E2B155C0-DC26-1F78-B7E9-B4B1524A9902}.Debug|Any CPU.ActiveCfg = Debug|Any CPU
		{E2B155C0-DC26-1F78-B7E9-B4B1524A9902}.Debug|Any CPU.Build.0 = Debug|Any CPU
		{E2B155C0-DC26-1F78-B7E9-B4B1524A9902}.Release|Any CPU.ActiveCfg = Release|Any CPU
		{E2B155C0-DC26-1F78-B7E9-B4B1524A9902}.Release|Any CPU.Build.0 = Release|Any CPU
	EndGlobalSection
	GlobalSection(SolutionProperties) = preSolution
		HideSolutionNode = FALSE
	EndGlobalSection
	GlobalSection(NestedProjects) = preSolution
		{A723C0D5-0065-B6B2-3C0F-D921493AB14E} = {C43DCDF7-5D9D-4A12-928B-109444867046}
		{D5751A7E-1F4F-4D53-8623-FD882A8653B0} = {02EA681E-C7D8-13C7-8484-4AC65E1B71E8}
		{295C5E9A-20BC-48E8-B3B9-2BC329DCD3B7} = {02EA681E-C7D8-13C7-8484-4AC65E1B71E8}
		{D55DFAF4-45A1-4C45-AA54-8CE46F0AFB1F} = {02EA681E-C7D8-13C7-8484-4AC65E1B71E8}
		{F98F35D2-DE8C-49BC-9785-CDFBA3EA22EF} = {02EA681E-C7D8-13C7-8484-4AC65E1B71E8}
		{B5465160-1EE9-9113-4E66-4FCF2EC8F5DF} = {F98F35D2-DE8C-49BC-9785-CDFBA3EA22EF}
		{9E8191C1-8216-B109-888B-6E4663C2CD53} = {295C5E9A-20BC-48E8-B3B9-2BC329DCD3B7}
		{464E05CB-AA53-B1B2-CC71-6ABB65F2C62C} = {D5751A7E-1F4F-4D53-8623-FD882A8653B0}
		{E2B155C0-DC26-1F78-B7E9-B4B1524A9902} = {D5751A7E-1F4F-4D53-8623-FD882A8653B0}
	EndGlobalSection
	GlobalSection(ExtensibilityGlobals) = postSolution
		SolutionGuid = {391B5342-8EC5-4DF0-BCDA-6D73F87E8751}
	EndGlobalSection
EndGlobal
