{
  "version": 2,
  "dependencies": {
    "net10.0": {
      "RabbitMQ.Client": {
        "type": "Direct",
        "requested": "[7.2.1, )",
        "resolved": "7.2.1",
        "contentHash": "YKXEfg9fVQiTKgZlvIhAfPSFaamEgi8DsQmisCH0IAsU4FYLrtoguDrDj6JtJVGUt40QPnBLRH6fTQcAC4qsOg==",
        "dependencies": {
          "System.Threading.RateLimiting": "8.0.0"
        }
      },
      "SonarAnalyzer.CSharp": {
        "type": "Direct",
        "requested": "[10.25.0.139117, )",
        "resolved": "10.25.0.139117",
        "contentHash": "2iBZIkcgsaUNyIPFqR9ECv5PLbAwV9I/v/PeEiMdkfhWEAnqD7VyNXzukQDlL/D24f5OoUc4MbWF5SgYI7x3CA=="
      },
      "System.Threading.RateLimiting": {
        "type": "Transitive",
        "resolved": "8.0.0",
        "contentHash": "7mu9v0QDv66ar3DpGSZHg9NuNcxDaaAcnMULuZlaTpP9+hwXhrxNGsF5GmLkSHxFdb5bBc1TzeujsRgTrPWi+Q=="
      }
    }
  }
}