{
  "version": 2,
  "dependencies": {
    "net10.0": {
      "bunit": {
        "type": "Direct",
        "requested": "[2.4.2, )",
        "resolved": "2.4.2",
        "contentHash": "UDsuMg2ctqwJPTkt4dr/PxDMJo4MlEDeEH1M6biFgOfeNIb1e7sH6wYH0WmQ33IlVtn7ITJVXrwD7nA0yQa1Rw==",
        "dependencies": {
          "AngleSharp": "1.4.0",
          "AngleSharp.Css": "1.0.0-beta.157",
          "AngleSharp.Diffing": "1.1.1",
          "Microsoft.AspNetCore.Components": "10.0.0",
          "Microsoft.AspNetCore.Components.Authorization": "10.0.0",
          "Microsoft.AspNetCore.Components.Web": "10.0.0",
          "Microsoft.AspNetCore.Components.WebAssembly": "10.0.0",
          "Microsoft.AspNetCore.Components.WebAssembly.Authentication": "10.0.0",
          "Microsoft.Extensions.Caching.Memory": "10.0.0",
          "Microsoft.Extensions.Localization.Abstractions": "10.0.0",
          "Microsoft.Extensions.Logging": "10.0.0",
          "Microsoft.Extensions.Logging.Abstractions": "10.0.0"
        }
      },
      "coverlet.collector": {
        "type": "Direct",
        "requested": "[6.0.4, )",
        "resolved": "6.0.4",
        "contentHash": "lkhqpF8Pu2Y7IiN7OntbsTtdbpR1syMsm2F3IgX6ootA4ffRqWL5jF7XipHuZQTdVuWG/gVAAcf8mjk8Tz0xPg=="
      },
      "FluentAssertions": {
        "type": "Direct",
        "requested": "[8.8.0, )",
        "resolved": "8.8.0",
        "contentHash": "m0kwcqBwvVel03FuMa7Ozo/oTaxYbjeNlcOhQFkyQpwX/8wks6RNl/Jnn58DCZVs6c2oG1RsCZw7HfKSaxLm3w=="
      },
      "Moq": {
        "type": "Direct",
        "requested": "[4.20.72, )",
        "resolved": "4.20.72",
        "contentHash": "EA55cjyNn8eTNWrgrdZJH5QLFp2L43oxl1tlkoYUKIE9pRwL784OWiTXeCV5ApS+AMYEAlt7Fo03A2XfouvHmQ==",
        "dependencies": {
          "Castle.Core": "5.1.1"
        }
      },
      "SonarAnalyzer.CSharp": {
        "type": "Direct",
        "requested": "[10.17.0.131074, )",
        "resolved": "10.17.0.131074",
        "contentHash": "N8agHzX1pK3Xv/fqMig/mHspPAmh/aKkGg7lUC1xfezAhFtPTuRqBjuyas622Tvy5jnsN5zCXJVclvNkfJJ4rQ=="
      },
      "xunit.runner.visualstudio": {
        "type": "Direct",
        "requested": "[3.1.5, )",
        "resolved": "3.1.5",
        "contentHash": "tKi7dSTwP4m5m9eXPM2Ime4Kn7xNf4x4zT9sdLO/G4hZVnQCRiMTWoSZqI/pYTVeI27oPPqHBKYI/DjJ9GsYgA=="
      },
      "xunit.v3": {
        "type": "Direct",
        "requested": "[3.2.1, )",
        "resolved": "3.2.1",
        "contentHash": "oefMPnMEQv9JXlc1mmj4XnNmylLWJA6XHncTcyM3LBvbepO+rsWfmIZ2gb2tO6WU29De4RxvEFHT5xxmsrjn8Q==",
        "dependencies": {
          "xunit.v3.mtp-v1": "[3.2.1]"
        }
      },
      "AngleSharp": {
        "type": "Transitive",
        "resolved": "1.4.0",
        "contentHash": "6ph8mpaQx0KL0COYRt0kI8MB9gSp1PtKijKMhJU//+aVFgKAJLKDesG/+26JSaVCOrHNgPf12wpfoyRcMYOeXg=="
      },
      "AngleSharp.Css": {
        "type": "Transitive",
        "resolved": "1.0.0-beta.157",
        "contentHash": "yptHmuGt2tzNGCeD7Orh6HRs4j7MH3IUhI+FM640OlmSwWRMd1yjKnicVcNG147IdF/tjOvgqtvpTU0pH6wVpA==",
        "dependencies": {
          "AngleSharp": "[1.0.0, 2.0.0)"
        }
      },
      "AngleSharp.Diffing": {
        "type": "Transitive",
        "resolved": "1.1.1",
        "contentHash": "Uzz5895TpRyMA4t8GExmq4TxXqi3+bZTgb3kJgH+tdwrSuo9CO6Dlmv+Oqyhb2pNRfbnReLUzhlHAuT7c+3jSg==",
        "dependencies": {
          "AngleSharp": "1.1.2",
          "AngleSharp.Css": "1.0.0-beta.144"
        }
      },
      "Castle.Core": {
        "type": "Transitive",
        "resolved": "5.1.1",
        "contentHash": "rpYtIczkzGpf+EkZgDr9CClTdemhsrwA/W5hMoPjLkRFnXzH44zDLoovXeKtmxb1ykXK9aJVODSpiJml8CTw2g==",
        "dependencies": {
          "System.Diagnostics.EventLog": "6.0.0"
        }
      },
      "Fluxor": {
        "type": "Transitive",
        "resolved": "6.9.0",
        "contentHash": "yLULcGjsqVaPBujGKyMVdm1+VXOR5mtV+nxpZ1jZATSbNfUebLIJJAXQL3TGFqx9I9SALqD/ADOUFWTBCkQRyg==",
        "dependencies": {
          "Microsoft.Extensions.DependencyInjection.Abstractions": "8.0.0"
        }
      },
      "Microsoft.ApplicationInsights": {
        "type": "Transitive",
        "resolved": "2.23.0",
        "contentHash": "nWArUZTdU7iqZLycLKWe0TDms48KKGE6pONH2terYNa8REXiqixrMOkf1sk5DHGMaUTqONU2YkS4SAXBhLStgw=="
      },
      "Microsoft.AspNetCore.Authorization": {
        "type": "Transitive",
        "resolved": "10.0.1",
        "contentHash": "Y9QE0gH4Q4cR7ZRToFju47c1MoeqxaLHdpzOviqD2TmnGGAeDMT9AV56j2BOVm5CsJAVyI/USxLYrkk2NVinZA==",
        "dependencies": {
          "Microsoft.AspNetCore.Metadata": "10.0.1",
          "Microsoft.Extensions.Diagnostics": "10.0.1",
          "Microsoft.Extensions.Logging.Abstractions": "10.0.1",
          "Microsoft.Extensions.Options": "10.0.1"
        }
      },
      "Microsoft.AspNetCore.Components": {
        "type": "Transitive",
        "resolved": "10.0.1",
        "contentHash": "SbABcQ7soM9jC/HvPKrg/smQxsMD2gW9iHBRFtBiYTMSs5Vqh7+i47BTOe3OM3IGzly2FiOmeNHJhMYK7YFGWA==",
        "dependencies": {
          "Microsoft.AspNetCore.Authorization": "10.0.1",
          "Microsoft.AspNetCore.Components.Analyzers": "10.0.1"
        }
      },
      "Microsoft.AspNetCore.Components.Analyzers": {
        "type": "Transitive",
        "resolved": "10.0.1",
        "contentHash": "V4nOq0mNoX9OWz9pJz4uLcAu4GXWUKKHeoxKwugYhFOh4Yh3n7/+xXfgSXK1PZZOIQ3e1vJ7CNvB6evv4YphEA=="
      },
      "Microsoft.AspNetCore.Components.Authorization": {
        "type": "Transitive",
        "resolved": "10.0.1",
        "contentHash": "Ahez1F0EfsPqIT/X/TcdJCDYjVACHJwIPgZSof33wqLXaENUJNDnzphkmXOiBY1tvok/ZIUVEpeFLWdkLh0IyA==",
        "dependencies": {
          "Microsoft.AspNetCore.Authorization": "10.0.1",
          "Microsoft.AspNetCore.Components": "10.0.1"
        }
      },
      "Microsoft.AspNetCore.Components.Forms": {
        "type": "Transitive",
        "resolved": "10.0.1",
        "contentHash": "aWUpLOz749gwMMaKe81tet+INC8nfskbauF2VO5Qr3lspj/l8S24zNLr95Bl8EwAizvBCNqwb8fPFU1dnn3WbA==",
        "dependencies": {
          "Microsoft.AspNetCore.Components": "10.0.1",
          "Microsoft.Extensions.Validation": "10.0.1"
        }
      },
      "Microsoft.AspNetCore.Components.Web": {
        "type": "Transitive",
        "resolved": "10.0.1",
        "contentHash": "hX74ijqAiUfIo6WpvLWignGYp7tkrRR3KRVBErwFSAcsiHeaCxGM81fYRXd9rf+gkFUNoKvcSxYyVZc2vFJVXg==",
        "dependencies": {
          "Microsoft.AspNetCore.Components": "10.0.1",
          "Microsoft.AspNetCore.Components.Forms": "10.0.1",
          "Microsoft.Extensions.DependencyInjection": "10.0.1",
          "Microsoft.Extensions.Primitives": "10.0.1",
          "Microsoft.JSInterop": "10.0.1"
        }
      },
      "Microsoft.AspNetCore.Metadata": {
        "type": "Transitive",
        "resolved": "10.0.1",
        "contentHash": "6JrG03xROuR4mQIHGcT8OnaKVBoPLLbto5RicKQIUV3JIU7cZYKIWDAnk0SQcl7ziQr6R327D6QBOo+PbYnnrw=="
      },
      "Microsoft.Bcl.AsyncInterfaces": {
        "type": "Transitive",
        "resolved": "6.0.0",
        "contentHash": "UcSjPsst+DfAdJGVDsu346FX0ci0ah+lw3WRtn18NUwEqRt70HaOQ7lI72vy3+1LxtqI3T5GWwV39rQSrCzAeg=="
      },
      "Microsoft.DotNet.HotReload.WebAssembly.Browser": {
        "type": "Transitive",
        "resolved": "10.0.101",
        "contentHash": "30d2d7ti8GiDYf9zg4+w5cvH3jm9HAQMyXzZgCVpEjmh3WLErJazuu2tyoIO75uNYLWPD/NNTTRD9SoPpDiACw=="
      },
      "Microsoft.Extensions.Caching.Memory": {
        "type": "Transitive",
        "resolved": "10.0.0",
        "contentHash": "krK19MKp0BNiR9rpBDW7PKSrTMLVlifS9am3CVc4O1Jq6GWz0o4F+sw5OSL4L3mVd56W8l6JRgghUa2KB51vOw==",
        "dependencies": {
          "Microsoft.Extensions.Caching.Abstractions": "10.0.0",
          "Microsoft.Extensions.DependencyInjection.Abstractions": "10.0.0",
          "Microsoft.Extensions.Logging.Abstractions": "10.0.0",
          "Microsoft.Extensions.Options": "10.0.0",
          "Microsoft.Extensions.Primitives": "10.0.0"
        }
      },
      "Microsoft.Extensions.Configuration.FileExtensions": {
        "type": "Transitive",
        "resolved": "10.0.1",
        "contentHash": "N/6GiwiZFCBFZDk3vg1PhHW3zMqqu5WWpmeZAA9VTXv7Q8pr8NZR/EQsH0DjzqydDksJtY6EQBsu81d5okQOlA==",
        "dependencies": {
          "Microsoft.Extensions.Configuration": "10.0.1",
          "Microsoft.Extensions.Configuration.Abstractions": "10.0.1",
          "Microsoft.Extensions.FileProviders.Abstractions": "10.0.1",
          "Microsoft.Extensions.FileProviders.Physical": "10.0.1",
          "Microsoft.Extensions.Primitives": "10.0.1"
        }
      },
      "Microsoft.Extensions.Diagnostics": {
        "type": "Transitive",
        "resolved": "10.0.1",
        "contentHash": "YaocqxscJLxLit0F5yq2XyB+9C7rSRfeTL7MJIl7XwaOoUO3i0EqfO2kmtjiRduYWw7yjcSINEApYZbzjau2gQ==",
        "dependencies": {
          "Microsoft.Extensions.Configuration": "10.0.1",
          "Microsoft.Extensions.Diagnostics.Abstractions": "10.0.1",
          "Microsoft.Extensions.Options.ConfigurationExtensions": "10.0.1"
        }
      },
      "Microsoft.Extensions.FileProviders.Abstractions": {
        "type": "Transitive",
        "resolved": "10.0.1",
        "contentHash": "+b3DligYSZuoWltU5YdbMpIEUHNZPgPrzWfNiIuDkMdqOl93UxYB5KzS3lgpRfTXJhTNpo/CZ8w/sTkDTPDdxQ==",
        "dependencies": {
          "Microsoft.Extensions.Primitives": "10.0.1"
        }
      },
      "Microsoft.Extensions.FileProviders.Physical": {
        "type": "Transitive",
        "resolved": "10.0.1",
        "contentHash": "4bxzGXIzZnz0Bf7czQ72jGvpOqJsRW/44PS7YLFXTTnu6cNcPvmSREDvBoH0ZVP2hAbMfL4sUoCUn54k70jPWw==",
        "dependencies": {
          "Microsoft.Extensions.FileProviders.Abstractions": "10.0.1",
          "Microsoft.Extensions.FileSystemGlobbing": "10.0.1",
          "Microsoft.Extensions.Primitives": "10.0.1"
        }
      },
      "Microsoft.Extensions.FileSystemGlobbing": {
        "type": "Transitive",
        "resolved": "10.0.1",
        "contentHash": "49dFvGJjLSwGn76eHnP1gBvCJkL8HRYpCrG0DCvsP6wRpEQRLN2Fq8rTxbP+6jS7jmYKCnSVO5C65v4mT3rzeA=="
      },
      "Microsoft.Extensions.Localization": {
        "type": "Transitive",
        "resolved": "9.0.1",
        "contentHash": "UgvX4Yb2T3tEsKT30ktZr0H7kTRPapCgEH0bdTwxiEGSdA39/hAQMvvb+vgHpqmevDU5+puyI9ujRkmmbF946w==",
        "dependencies": {
          "Microsoft.Extensions.DependencyInjection.Abstractions": "9.0.1",
          "Microsoft.Extensions.Localization.Abstractions": "9.0.1",
          "Microsoft.Extensions.Logging.Abstractions": "9.0.1",
          "Microsoft.Extensions.Options": "9.0.1"
        }
      },
      "Microsoft.Extensions.Localization.Abstractions": {
        "type": "Transitive",
        "resolved": "10.0.0",
        "contentHash": "+gopxHC5+vWE61Qq2i+aFblxjSiS4UyjUG5kpfXodWbeBVwXPeP66s8uAi0LPAwnhS5jInmYJNRFYUMn+sdtKg=="
      },
      "Microsoft.Extensions.Options.ConfigurationExtensions": {
        "type": "Transitive",
        "resolved": "10.0.1",
        "contentHash": "pL78/Im7O3WmxHzlKUsWTYchKL881udU7E26gCD3T0+/tPhWVfjPwMzfN/MRKU7aoFYcOiqcG2k1QTlH5woWow==",
        "dependencies": {
          "Microsoft.Extensions.Configuration.Abstractions": "10.0.1",
          "Microsoft.Extensions.Configuration.Binder": "10.0.1",
          "Microsoft.Extensions.DependencyInjection.Abstractions": "10.0.1",
          "Microsoft.Extensions.Options": "10.0.1",
          "Microsoft.Extensions.Primitives": "10.0.1"
        }
      },
      "Microsoft.Extensions.Primitives": {
        "type": "Transitive",
        "resolved": "10.0.1",
        "contentHash": "DO8XrJkp5x4PddDuc/CH37yDBCs9BYN6ijlKyR3vMb55BP1Vwh90vOX8bNfnKxr5B2qEI3D8bvbY1fFbDveDHQ=="
      },
      "Microsoft.Extensions.Validation": {
        "type": "Transitive",
        "resolved": "10.0.1",
        "contentHash": "5bcu9zWhgY8AZUN1ERNH0BQKFh10xlx4UrCh+0cDn7wB01QkrK4S6Jh45fCgEqmWJWVGqBS2g8MN0Lu/99Zgdg==",
        "dependencies": {
          "Microsoft.Extensions.DependencyInjection.Abstractions": "10.0.1",
          "Microsoft.Extensions.Options": "10.0.1"
        }
      },
      "Microsoft.JSInterop": {
        "type": "Transitive",
        "resolved": "10.0.1",
        "contentHash": "pTfoYBjs7HKmTEk9cNWcSySdTKT8USjviLgmMaSs/YA0+oONufKy9hqqZ5EE4CNy9y24SDDc9lerXfV7aiVfWA=="
      },
      "Microsoft.JSInterop.WebAssembly": {
        "type": "Transitive",
        "resolved": "10.0.1",
        "contentHash": "oIkAEHUSFduhX7scm0+RXODv7FtA/D0KaGW0dPmO1W6LL//VLHjS+pzhpgsS6fBQ+RZfOEFaTLkZewqi6xt8rw==",
        "dependencies": {
          "Microsoft.JSInterop": "10.0.1"
        }
      },
      "Microsoft.Testing.Extensions.Telemetry": {
        "type": "Transitive",
        "resolved": "1.9.1",
        "contentHash": "No5AudZMmSb+uNXjlgL2y3/stHD2IT4uxqc5yHwkE+/nNux9jbKcaJMvcp9SwgP4DVD8L9/P3OUz8mmmcvEIdQ==",
        "dependencies": {
          "Microsoft.ApplicationInsights": "2.23.0",
          "Microsoft.Testing.Platform": "1.9.1"
        }
      },
      "Microsoft.Testing.Extensions.TrxReport.Abstractions": {
        "type": "Transitive",
        "resolved": "1.9.1",
        "contentHash": "AL46Xe1WBi85Ntd4mNPvat5ZSsZ2uejiVqoKCypr8J3wK0elA5xJ3AN4G/Q4GIwzUFnggZoH/DBjnr9J18IO/g==",
        "dependencies": {
          "Microsoft.Testing.Platform": "1.9.1"
        }
      },
      "Microsoft.Testing.Platform": {
        "type": "Transitive",
        "resolved": "1.9.1",
        "contentHash": "QafNtNSmEI0zazdebnsIkDKmFtTSpmx/5PLOjURWwozcPb3tvRxzosQSL8xwYNM1iPhhKiBksXZyRSE2COisrA=="
      },
      "Microsoft.Testing.Platform.MSBuild": {
        "type": "Transitive",
        "resolved": "1.9.1",
        "contentHash": "oTUtyR4X/s9ytuiNA29FGsNCCH0rNmY5Wdm14NCKLjTM1cT9edVSlA+rGS/mVmusPqcP0l/x9qOnMXg16v87RQ==",
        "dependencies": {
          "Microsoft.Testing.Platform": "1.9.1"
        }
      },
      "Microsoft.Win32.Registry": {
        "type": "Transitive",
        "resolved": "5.0.0",
        "contentHash": "dDoKi0PnDz31yAyETfRntsLArTlVAVzUzCIvvEDsDsucrl33Dl8pIJG06ePTJTI3tGpeyHS9Cq7Foc/s4EeKcg=="
      },
      "System.Diagnostics.EventLog": {
        "type": "Transitive",
        "resolved": "6.0.0",
        "contentHash": "lcyUiXTsETK2ALsZrX+nWuHSIQeazhqPphLfaRxzdGaG93+0kELqpgEHtwWOlQe7+jSFnKwaCAgL4kjeZCQJnw=="
      },
      "xunit.analyzers": {
        "type": "Transitive",
        "resolved": "1.26.0",
        "contentHash": "YrWZOfuU1Scg4iGizAlMNALOxVS+HPSVilfscNDEJAyrTIVdF4c+8o+Aerw2RYnrJxafj/F56YkJOKCURUWQmA=="
      },
      "xunit.v3.assert": {
        "type": "Transitive",
        "resolved": "3.2.1",
        "contentHash": "7hGxs+sfgPCiHg7CbWL8Vsmg8WS4vBfipZ7rfE+FEyS7ksU4+0vcV08TQvLIXLPAfinT06zVoK83YjRcMXcXLw=="
      },
      "xunit.v3.common": {
        "type": "Transitive",
        "resolved": "3.2.1",
        "contentHash": "NUh3pPTC3Py4XTnjoCCCIEzvdKTQ9apu0ikDNCrUETBtfHHXcoUmIl5bOfJLQQu7awhu8eaZHjJnG7rx9lUZpg==",
        "dependencies": {
          "Microsoft.Bcl.AsyncInterfaces": "6.0.0"
        }
      },
      "xunit.v3.core.mtp-v1": {
        "type": "Transitive",
        "resolved": "3.2.1",
        "contentHash": "PeClKsdYS8TN7q8UxcIKgMVEf1xjqa5XWaizzt+WfLp8+85ZKT+LAQ2/ct+eYqazFzaGSJCAj96+1Z2USkWV6A==",
        "dependencies": {
          "Microsoft.Testing.Extensions.Telemetry": "1.9.1",
          "Microsoft.Testing.Extensions.TrxReport.Abstractions": "1.9.1",
          "Microsoft.Testing.Platform": "1.9.1",
          "Microsoft.Testing.Platform.MSBuild": "1.9.1",
          "xunit.v3.extensibility.core": "[3.2.1]",
          "xunit.v3.runner.inproc.console": "[3.2.1]"
        }
      },
      "xunit.v3.extensibility.core": {
        "type": "Transitive",
        "resolved": "3.2.1",
        "contentHash": "soZuThF5CwB/ZZ2HY/ivdinyM/6MvmjsHTG0vNw3fRd1ZKcmLzfxVb3fB6R3G5yoaN4Bh+aWzFGjOvYO05OzkA==",
        "dependencies": {
          "xunit.v3.common": "[3.2.1]"
        }
      },
      "xunit.v3.mtp-v1": {
        "type": "Transitive",
        "resolved": "3.2.1",
        "contentHash": "lREcN7+kZmHqLmivhfzN+BHBYf3nQzMEojX5390qDplnXjaHYUxH49XmrWEbCx+va3ZTiIR2vVWPJWCs2UFBFQ==",
        "dependencies": {
          "xunit.analyzers": "1.26.0",
          "xunit.v3.assert": "[3.2.1]",
          "xunit.v3.core.mtp-v1": "[3.2.1]"
        }
      },
      "xunit.v3.runner.common": {
        "type": "Transitive",
        "resolved": "3.2.1",
        "contentHash": "oF0jwl0xH45/RWjDcaCPOeeI6HCoyiEXIT8yvByd37rhJorjL/Ri8S9A/Vql8DBPjCfQWd6Url5JRmeiQ55isA==",
        "dependencies": {
          "Microsoft.Win32.Registry": "[5.0.0]",
          "xunit.v3.common": "[3.2.1]"
        }
      },
      "xunit.v3.runner.inproc.console": {
        "type": "Transitive",
        "resolved": "3.2.1",
        "contentHash": "EC/VLj1E9BPWfmzdEMQEqouxh0rWAdX6SXuiiDRf0yXXsQo3E2PNLKCyJ9V8hmkGH/nBvM7pHLFbuCf00vCynw==",
        "dependencies": {
          "xunit.v3.extensibility.core": "[3.2.1]",
          "xunit.v3.runner.common": "[3.2.1]"
        }
      },
      "meajudaai.client.contracts": {
        "type": "Project",
        "dependencies": {
          "MeAjudaAi.Shared.Contracts": "[1.0.0, )",
          "Refit": "[9.0.2, )"
        }
      },
      "meajudaai.shared.contracts": {
        "type": "Project",
        "dependencies": {
          "FluentValidation": "[12.1.1, )"
        }
      },
      "meajudaai.web.admin": {
        "type": "Project",
        "dependencies": {
          "Fluxor.Blazor.Web": "[6.9.0, )",
          "Fluxor.Blazor.Web.ReduxDevTools": "[6.9.0, )",
          "MeAjudaAi.Client.Contracts": "[1.0.0, )",
          "MeAjudaAi.Shared.Contracts": "[1.0.0, )",
          "Microsoft.AspNetCore.Components.WebAssembly": "[10.0.1, )",
          "Microsoft.AspNetCore.Components.WebAssembly.Authentication": "[10.0.1, )",
          "Microsoft.DotNet.HotReload.WebAssembly.Browser": "[10.0.101, )",
          "MudBlazor": "[7.21.0, )",
          "Refit.HttpClientFactory": "[9.0.2, )"
        }
      },
      "FluentValidation": {
        "type": "CentralTransitive",
        "requested": "[12.1.1, )",
        "resolved": "12.1.1",
        "contentHash": "EPpkIe1yh1a0OXyC100oOA8WMbZvqUu5plwhvYcb7oSELfyUZzfxV48BLhvs3kKo4NwG7MGLNgy1RJiYtT8Dpw=="
      },
      "Fluxor.Blazor.Web": {
        "type": "CentralTransitive",
        "requested": "[6.9.0, )",
        "resolved": "6.9.0",
        "contentHash": "CuqwSi4k/TzVhG8azvEMdWfuwMfMVij8r1966SvXWIdkzAwzyaN7rUSwj4pz+jqcBv+ptTAqJSnxIblx2CKZEw==",
        "dependencies": {
          "Fluxor": "6.9.0",
          "Microsoft.AspNetCore.Components.Web": "8.0.0",
          "Microsoft.Extensions.DependencyInjection.Abstractions": "8.0.0"
        }
      },
      "Fluxor.Blazor.Web.ReduxDevTools": {
        "type": "CentralTransitive",
        "requested": "[6.9.0, )",
        "resolved": "6.9.0",
        "contentHash": "Y+MggUoTig/RVmJnXpdvBV5wsRqjtmn5Bpdqfxpi3UqmMc7QhBzUkBqxSoaYxZQCyL1sRHZsdNaoGeZGeY1Xqg==",
        "dependencies": {
          "Fluxor.Blazor.Web": "6.9.0",
          "Microsoft.AspNetCore.Components.Web": "8.0.0",
          "Microsoft.Extensions.DependencyInjection.Abstractions": "8.0.0"
        }
      },
      "Microsoft.AspNetCore.Components.WebAssembly": {
        "type": "CentralTransitive",
        "requested": "[10.0.1, )",
        "resolved": "10.0.1",
        "contentHash": "qh5mkVhHCv/fxPl8XCIwx+ea9uLeTbbVs2rzgvWkWX0EgYLITEEH3AbX6OuvDW8UQVETjio2UZOh6JDAO2A4Lw==",
        "dependencies": {
          "Microsoft.AspNetCore.Components.Web": "10.0.1",
          "Microsoft.Extensions.Configuration.Binder": "10.0.1",
          "Microsoft.Extensions.Configuration.Json": "10.0.1",
          "Microsoft.Extensions.Logging": "10.0.1",
          "Microsoft.JSInterop.WebAssembly": "10.0.1"
        }
      },
      "Microsoft.AspNetCore.Components.WebAssembly.Authentication": {
        "type": "CentralTransitive",
        "requested": "[10.0.1, )",
        "resolved": "10.0.1",
        "contentHash": "JeoDhwJknGeBMRvlwxL+cjh1cDErA9NL/7D8SvvpcWoNBCDE1f40CDaSc063PW6Tn6zopMwS89f/gIZocJUrxQ==",
        "dependencies": {
          "Microsoft.AspNetCore.Components.Authorization": "10.0.1",
          "Microsoft.AspNetCore.Components.Web": "10.0.1"
        }
      },
      "Microsoft.Extensions.Caching.Abstractions": {
        "type": "CentralTransitive",
        "requested": "[10.0.1, )",
        "resolved": "10.0.1",
        "contentHash": "Vb1vVAQDxHpXVdL9fpOX2BzeV7bbhzG4pAcIKRauRl0/VfkE8mq0f+fYC+gWICh3dlzTZInJ/cTeBS2MgU/XvQ==",
        "dependencies": {
          "Microsoft.Extensions.Primitives": "10.0.1"
        }
      },
      "Microsoft.Extensions.Configuration": {
        "type": "CentralTransitive",
        "requested": "[10.0.1, )",
        "resolved": "10.0.1",
        "contentHash": "njoRekyMIK+smav8B6KL2YgIfUtlsRNuT7wvurpLW+m/hoRKVnoELk2YxnUnWRGScCd1rukLMxShwLqEOKowDg==",
        "dependencies": {
          "Microsoft.Extensions.Configuration.Abstractions": "10.0.1",
          "Microsoft.Extensions.Primitives": "10.0.1"
        }
      },
      "Microsoft.Extensions.Configuration.Abstractions": {
        "type": "CentralTransitive",
        "requested": "[10.0.1, )",
        "resolved": "10.0.1",
        "contentHash": "kPlU11hql+L9RjrN2N9/0GcRcRcZrNFlLLjadasFWeBORT6pL6OE+RYRk90GGCyVGSxTK+e1/f3dsMj5zpFFiQ==",
        "dependencies": {
          "Microsoft.Extensions.Primitives": "10.0.1"
        }
      },
      "Microsoft.Extensions.Configuration.Binder": {
        "type": "CentralTransitive",
        "requested": "[10.0.1, )",
        "resolved": "10.0.1",
        "contentHash": "Lp4CZIuTVXtlvkAnTq6QvMSW7+H62gX2cU2vdFxHQUxvrWTpi7LwYI3X+YAyIS0r12/p7gaosco7efIxL4yFNw==",
        "dependencies": {
          "Microsoft.Extensions.Configuration": "10.0.1",
          "Microsoft.Extensions.Configuration.Abstractions": "10.0.1"
        }
      },
      "Microsoft.Extensions.Configuration.Json": {
        "type": "CentralTransitive",
        "requested": "[10.0.1, )",
        "resolved": "10.0.1",
        "contentHash": "0zW3eYBJlRctmgqk5s0kFIi5o5y2g80mvGCD8bkYxREPQlKUnr0ndU/Sop+UDIhyWN0fIi4RW63vo7BKTi7ncA==",
        "dependencies": {
          "Microsoft.Extensions.Configuration": "10.0.1",
          "Microsoft.Extensions.Configuration.Abstractions": "10.0.1",
          "Microsoft.Extensions.Configuration.FileExtensions": "10.0.1",
          "Microsoft.Extensions.FileProviders.Abstractions": "10.0.1"
        }
      },
      "Microsoft.Extensions.DependencyInjection": {
        "type": "CentralTransitive",
        "requested": "[10.0.1, )",
        "resolved": "10.0.1",
        "contentHash": "zerXV0GAR9LCSXoSIApbWn+Dq1/T+6vbXMHGduq1LoVQRHT0BXsGQEau0jeLUBUcsoF/NaUT8ADPu8b+eNcIyg==",
        "dependencies": {
          "Microsoft.Extensions.DependencyInjection.Abstractions": "10.0.1"
        }
      },
      "Microsoft.Extensions.DependencyInjection.Abstractions": {
        "type": "CentralTransitive",
        "requested": "[10.0.1, )",
        "resolved": "10.0.1",
        "contentHash": "oIy8fQxxbUsSrrOvgBqlVgOeCtDmrcynnTG+FQufcUWBrwyPfwlUkCDB2vaiBeYPyT+20u9/HeuHeBf+H4F/8g=="
      },
      "Microsoft.Extensions.Diagnostics.Abstractions": {
        "type": "CentralTransitive",
        "requested": "[10.0.1, )",
        "resolved": "10.0.1",
        "contentHash": "QMoMrkNpnQym5mpfdxfxpRDuqLpsOuztguFvzH9p+Ex+do+uLFoi7UkAsBO4e9/tNR3eMFraFf2fOAi2cp3jjA==",
        "dependencies": {
          "Microsoft.Extensions.DependencyInjection.Abstractions": "10.0.1",
          "Microsoft.Extensions.Options": "10.0.1"
        }
      },
      "Microsoft.Extensions.Http": {
        "type": "CentralTransitive",
        "requested": "[10.0.1, )",
        "resolved": "10.0.1",
        "contentHash": "ZXJup9ReE1Ot3M8jqcw1b/lnc8USxyYS3cyLsssU39u04TES9JNGviWUGIvP3K7mMU3TF7kQl2aS0SmVwegflw==",
        "dependencies": {
          "Microsoft.Extensions.Configuration.Abstractions": "10.0.1",
          "Microsoft.Extensions.DependencyInjection.Abstractions": "10.0.1",
          "Microsoft.Extensions.Diagnostics": "10.0.1",
          "Microsoft.Extensions.Logging": "10.0.1",
          "Microsoft.Extensions.Logging.Abstractions": "10.0.1",
          "Microsoft.Extensions.Options": "10.0.1"
        }
      },
      "Microsoft.Extensions.Logging": {
        "type": "CentralTransitive",
        "requested": "[10.0.1, )",
        "resolved": "10.0.1",
        "contentHash": "9ItMpMLFZFJFqCuHLLbR3LiA4ahA8dMtYuXpXl2YamSDWZhYS9BruPprkftY0tYi2bQ0slNrixdFm+4kpz1g5w==",
        "dependencies": {
          "Microsoft.Extensions.DependencyInjection": "10.0.1",
          "Microsoft.Extensions.Logging.Abstractions": "10.0.1",
          "Microsoft.Extensions.Options": "10.0.1"
        }
      },
      "Microsoft.Extensions.Logging.Abstractions": {
        "type": "CentralTransitive",
        "requested": "[10.0.1, )",
        "resolved": "10.0.1",
        "contentHash": "YkmyiPIWAXVb+lPIrM0LE5bbtLOJkCiRTFiHpkVOvhI7uTvCfoOHLEN0LcsY56GpSD7NqX3gJNpsaDe87/B3zg==",
        "dependencies": {
          "Microsoft.Extensions.DependencyInjection.Abstractions": "10.0.1"
        }
      },
      "Microsoft.Extensions.Options": {
        "type": "CentralTransitive",
        "requested": "[10.0.1, )",
        "resolved": "10.0.1",
        "contentHash": "G6VVwywpJI4XIobetGHwg7wDOYC2L2XBYdtskxLaKF/Ynb5QBwLl7Q//wxAR2aVCLkMpoQrjSP9VoORkyddsNQ==",
        "dependencies": {
          "Microsoft.Extensions.DependencyInjection.Abstractions": "10.0.1",
          "Microsoft.Extensions.Primitives": "10.0.1"
        }
      },
      "MudBlazor": {
        "type": "CentralTransitive",
        "requested": "[7.21.0, )",
        "resolved": "8.0.0",
        "contentHash": "itY10dugofdvLYnJ1VZSzUIiKVqNvnTz4eEMYlHUdrOfsk9xShj7k1EW5H6ssMmkbQzShlLBHlUt+VPFGoEJGw==",
        "dependencies": {
          "Microsoft.AspNetCore.Components": "9.0.1",
          "Microsoft.AspNetCore.Components.Web": "9.0.1",
          "Microsoft.Extensions.Localization": "9.0.1"
        }
      },
      "Refit": {
        "type": "CentralTransitive",
        "requested": "[9.0.2, )",
        "resolved": "9.0.2",
        "contentHash": "zLAfOh1iYE1bXFdnPjX5V6Nq8d4vBwxXaCovNNcAt9Fz3mfxAqHS3fckbBX4wetVgN1A6tIOzrDtPTN2c4FNrQ=="
      },
      "Refit.HttpClientFactory": {
        "type": "CentralTransitive",
        "requested": "[9.0.2, )",
        "resolved": "9.0.2",
        "contentHash": "lv9vBbPaOZ6PARmWLkB3v+wBqoBDiI5ROS5KTbJEAAXMVaPG5V+AdjNmU+8NFkztZzJRqujREqmY69w7afRhJA==",
        "dependencies": {
          "Microsoft.Extensions.Http": "9.0.3",
          "Refit": "9.0.2"
        }
      }
    }
  }
}